// !$*UTF8*$!
{
	archiveVersion = 1;
	classes = {
	};
	objectVersion = 56;
	objects = {

/* Begin PBXBuildFile section */
		044302212A501038005C4102 /* YearbookPeelEffectLoopingView.swift in Sources */ = {isa = PBXBuildFile; fileRef = 044302202A501038005C4102 /* YearbookPeelEffectLoopingView.swift */; };
		044302232A501087005C4102 /* HorizontalYearbookPeelEffectView.swift in Sources */ = {isa = PBXBuildFile; fileRef = 044302222A501087005C4102 /* HorizontalYearbookPeelEffectView.swift */; };
		04CAE9552A32D68000F59461 /* AppDelegate.swift in Sources */ = {isa = PBXBuildFile; fileRef = 04CAE9542A32D68000F59461 /* AppDelegate.swift */; };
		04CAE9572A32D68000F59461 /* GameScene.sks in Resources */ = {isa = PBXBuildFile; fileRef = 04CAE9562A32D68000F59461 /* GameScene.sks */; };
		04CAE95B2A32D68000F59461 /* GameScene.swift in Sources */ = {isa = PBXBuildFile; fileRef = 04CAE95A2A32D68000F59461 /* GameScene.swift */; };
		04CAE95D2A32D68000F59461 /* GameViewController.swift in Sources */ = {isa = PBXBuildFile; fileRef = 04CAE95C2A32D68000F59461 /* GameViewController.swift */; };
		04CAE9602A32D68000F59461 /* Main.storyboard in Resources */ = {isa = PBXBuildFile; fileRef = 04CAE95E2A32D68000F59461 /* Main.storyboard */; };
		04CAE9652A32D68100F59461 /* LaunchScreen.storyboard in Resources */ = {isa = PBXBuildFile; fileRef = 04CAE9632A32D68100F59461 /* LaunchScreen.storyboard */; };
		04CAE96F2A32D68100F59461 /* Mini2Tests.swift in Sources */ = {isa = PBXBuildFile; fileRef = 04CAE96E2A32D68100F59461 /* Mini2Tests.swift */; };
		04CAE9792A32D68100F59461 /* Mini2UITests.swift in Sources */ = {isa = PBXBuildFile; fileRef = 04CAE9782A32D68100F59461 /* Mini2UITests.swift */; };
		04CAE97B2A32D68100F59461 /* Mini2UITestsLaunchTests.swift in Sources */ = {isa = PBXBuildFile; fileRef = 04CAE97A2A32D68100F59461 /* Mini2UITestsLaunchTests.swift */; };
		04EA36A52A4EF33B000AFEB0 /* EmployeeDiaryPeelEffectLoopingView.swift in Sources */ = {isa = PBXBuildFile; fileRef = 04EA36A42A4EF33B000AFEB0 /* EmployeeDiaryPeelEffectLoopingView.swift */; };
		04EA36A72A4EF428000AFEB0 /* HorizontalEmployeeDiaryPeelEffectView.swift in Sources */ = {isa = PBXBuildFile; fileRef = 04EA36A62A4EF428000AFEB0 /* HorizontalEmployeeDiaryPeelEffectView.swift */; };
		04EA36A92A4EF47A000AFEB0 /* VerticalYearbookPeelEffectView.swift in Sources */ = {isa = PBXBuildFile; fileRef = 04EA36A82A4EF47A000AFEB0 /* VerticalYearbookPeelEffectView.swift */; };
		04EA36AC2A4EF65D000AFEB0 /* DeskDetailScene.swift in Sources */ = {isa = PBXBuildFile; fileRef = 04EA36AB2A4EF65D000AFEB0 /* DeskDetailScene.swift */; };
		04EA36AE2A4EF676000AFEB0 /* DeskDetailScene.sks in Resources */ = {isa = PBXBuildFile; fileRef = 04EA36AD2A4EF676000AFEB0 /* DeskDetailScene.sks */; };
		3479E2562A4EBA0300F24D90 /* running.mp3 in Resources */ = {isa = PBXBuildFile; fileRef = 3479E2542A4EBA0300F24D90 /* running.mp3 */; };
		3479E2582A4ECB7600F24D90 /* MovementComponent.swift in Sources */ = {isa = PBXBuildFile; fileRef = 53B979AF2A433AD8004F71D5 /* MovementComponent.swift */; };
		3479E25A2A4ED05500F24D90 /* walking.mp3 in Resources */ = {isa = PBXBuildFile; fileRef = 3479E2592A4ED05500F24D90 /* walking.mp3 */; };
		3479E25C2A4ED2BC00F24D90 /* painting interact.mp3 in Resources */ = {isa = PBXBuildFile; fileRef = 3479E25B2A4ED2BC00F24D90 /* painting interact.mp3 */; };
		3479E2602A4EDF3A00F24D90 /* ghost scream.mp3 in Resources */ = {isa = PBXBuildFile; fileRef = 3479E25E2A4EDF3A00F24D90 /* ghost scream.mp3 */; };
		3479E2612A4EDF3A00F24D90 /* ghost appear.mp3 in Resources */ = {isa = PBXBuildFile; fileRef = 3479E25F2A4EDF3A00F24D90 /* ghost appear.mp3 */; };
		34B9B2042A458BA6001F4A39 /* KalimbaScene.swift in Sources */ = {isa = PBXBuildFile; fileRef = 34B9B2032A458BA6001F4A39 /* KalimbaScene.swift */; };
		34B9B2082A458C48001F4A39 /* KalimbaScene.sks in Resources */ = {isa = PBXBuildFile; fileRef = 34B9B2072A458C48001F4A39 /* KalimbaScene.sks */; };
		34B9B2152A45A310001F4A39 /* SoundComponent.swift in Sources */ = {isa = PBXBuildFile; fileRef = 34B9B2142A45A310001F4A39 /* SoundComponent.swift */; };
		34B9B2752A4DD165001F4A39 /* BGMScene.swift in Sources */ = {isa = PBXBuildFile; fileRef = 34B9B2742A4DD165001F4A39 /* BGMScene.swift */; };
		34B9B27A2A4DD224001F4A39 /* background music of new library.mp3 in Resources */ = {isa = PBXBuildFile; fileRef = 34B9B2772A4DD224001F4A39 /* background music of new library.mp3 */; };
		34B9B27B2A4DD224001F4A39 /* background music of old library.mp3 in Resources */ = {isa = PBXBuildFile; fileRef = 34B9B2782A4DD224001F4A39 /* background music of old library.mp3 */; };
		34B9B27C2A4DD224001F4A39 /* background music of corridor.mp3 in Resources */ = {isa = PBXBuildFile; fileRef = 34B9B2792A4DD224001F4A39 /* background music of corridor.mp3 */; };
		34B9B2812A4DD3C6001F4A39 /* number lock failed.mp3 in Resources */ = {isa = PBXBuildFile; fileRef = 34B9B27E2A4DD3C5001F4A39 /* number lock failed.mp3 */; };
		34B9B2822A4DD3C6001F4A39 /* number lock success.mp3 in Resources */ = {isa = PBXBuildFile; fileRef = 34B9B27F2A4DD3C5001F4A39 /* number lock success.mp3 */; };
		34B9B2832A4DD3C6001F4A39 /* number lock.mp3 in Resources */ = {isa = PBXBuildFile; fileRef = 34B9B2802A4DD3C5001F4A39 /* number lock.mp3 */; };
		34B9B29A2A4EA7C3001F4A39 /* lock interact.mp3 in Resources */ = {isa = PBXBuildFile; fileRef = 34B9B2922A4EA7C3001F4A39 /* lock interact.mp3 */; };
		34B9B29B2A4EA7C3001F4A39 /* glass shatter.mp3 in Resources */ = {isa = PBXBuildFile; fileRef = 34B9B2942A4EA7C3001F4A39 /* glass shatter.mp3 */; };
		34B9B29C2A4EA7C3001F4A39 /* paper interact.mp3 in Resources */ = {isa = PBXBuildFile; fileRef = 34B9B2952A4EA7C3001F4A39 /* paper interact.mp3 */; };
		34B9B29D2A4EA7C3001F4A39 /* kalimba fall.mp3 in Resources */ = {isa = PBXBuildFile; fileRef = 34B9B2962A4EA7C3001F4A39 /* kalimba fall.mp3 */; };
		34B9B29E2A4EA7C3001F4A39 /* table interact.mp3 in Resources */ = {isa = PBXBuildFile; fileRef = 34B9B2982A4EA7C3001F4A39 /* table interact.mp3 */; };
		34B9B29F2A4EA7C3001F4A39 /* shelf interact.mp3 in Resources */ = {isa = PBXBuildFile; fileRef = 34B9B2992A4EA7C3001F4A39 /* shelf interact.mp3 */; };
		34C2EBCC2A5044FF00D11119 /* turn diary.mp3 in Resources */ = {isa = PBXBuildFile; fileRef = 34C2EBC92A5044FF00D11119 /* turn diary.mp3 */; };
		34C2EBCD2A5044FF00D11119 /* turn yearbook.mp3 in Resources */ = {isa = PBXBuildFile; fileRef = 34C2EBCA2A5044FF00D11119 /* turn yearbook.mp3 */; };
		34C2EBCE2A5044FF00D11119 /* book interact.mp3 in Resources */ = {isa = PBXBuildFile; fileRef = 34C2EBCB2A5044FF00D11119 /* book interact.mp3 */; };
		34C2EBD22A504AEA00D11119 /* diary interact.mp3 in Resources */ = {isa = PBXBuildFile; fileRef = 34C2EBD12A504AEA00D11119 /* diary interact.mp3 */; };
		34C2EBD42A504FA700D11119 /* ghost appear two.mp3 in Resources */ = {isa = PBXBuildFile; fileRef = 34C2EBD32A504FA700D11119 /* ghost appear two.mp3 */; };
		5339FBEE2A49318A00647CF1 /* Assets.xcassets in Resources */ = {isa = PBXBuildFile; fileRef = 04CAE9612A32D68100F59461 /* Assets.xcassets */; };
		533B760D2A4E775D009015F9 /* InnTotScene.swift in Sources */ = {isa = PBXBuildFile; fileRef = 533B760C2A4E775D009015F9 /* InnTotScene.swift */; };
		533B760F2A4E777F009015F9 /* InnTotScene.sks in Resources */ = {isa = PBXBuildFile; fileRef = 533B760E2A4E777F009015F9 /* InnTotScene.sks */; };
		534C8CFF2A4BD4A60033D8D1 /* ModernLibraryScene.swift in Sources */ = {isa = PBXBuildFile; fileRef = 534C8CFE2A4BD4A60033D8D1 /* ModernLibraryScene.swift */; };
		534C8D022A4BD4C50033D8D1 /* ModernLibraryScene.sks in Resources */ = {isa = PBXBuildFile; fileRef = 534C8D012A4BD4C50033D8D1 /* ModernLibraryScene.sks */; };
		534C8D052A4BFC440033D8D1 /* CorridorScene.swift in Sources */ = {isa = PBXBuildFile; fileRef = 534C8D042A4BFC440033D8D1 /* CorridorScene.swift */; };
		534C8D072A4BFC590033D8D1 /* CorridorScene.sks in Resources */ = {isa = PBXBuildFile; fileRef = 534C8D062A4BFC590033D8D1 /* CorridorScene.sks */; };
		53B979B02A433AD8004F71D5 /* MovementComponent.swift in Sources */ = {isa = PBXBuildFile; fileRef = 53B979AF2A433AD8004F71D5 /* MovementComponent.swift */; };
		53B979B92A4746A3004F71D5 /* PlaytestScreen.sks in Resources */ = {isa = PBXBuildFile; fileRef = 53B979B82A4746A3004F71D5 /* PlaytestScreen.sks */; };
		53B979BB2A4746AF004F71D5 /* PlaytestScreen.swift in Sources */ = {isa = PBXBuildFile; fileRef = 53B979BA2A4746AF004F71D5 /* PlaytestScreen.swift */; };
		B119E1382A47290F001C7CEB /* LockScene.sks in Resources */ = {isa = PBXBuildFile; fileRef = B119E1372A47290F001C7CEB /* LockScene.sks */; };
		B119E13A2A472916001C7CEB /* LockScene.swift in Sources */ = {isa = PBXBuildFile; fileRef = B119E1392A472916001C7CEB /* LockScene.swift */; };
		B185ED1D2A472BF900CA0241 /* Scene1.swift in Sources */ = {isa = PBXBuildFile; fileRef = B185ED1C2A472BF900CA0241 /* Scene1.swift */; };
		B185ED1F2A472C0400CA0241 /* Scene1.sks in Resources */ = {isa = PBXBuildFile; fileRef = B185ED1E2A472C0400CA0241 /* Scene1.sks */; };
		B18E56022A4A8DD700C3F9E1 /* ContentView.swift in Sources */ = {isa = PBXBuildFile; fileRef = B18E56012A4A8DD700C3F9E1 /* ContentView.swift */; };
		B18E560C2A4C0FD500C3F9E1 /* k1.mp3 in Resources */ = {isa = PBXBuildFile; fileRef = B18E56052A4C0FD500C3F9E1 /* k1.mp3 */; };
		B18E560D2A4C0FD500C3F9E1 /* k2.mp3 in Resources */ = {isa = PBXBuildFile; fileRef = B18E56062A4C0FD500C3F9E1 /* k2.mp3 */; };
		B18E560E2A4C0FD500C3F9E1 /* k4.mp3 in Resources */ = {isa = PBXBuildFile; fileRef = B18E56072A4C0FD500C3F9E1 /* k4.mp3 */; };
		B18E560F2A4C0FD500C3F9E1 /* k3.mp3 in Resources */ = {isa = PBXBuildFile; fileRef = B18E56082A4C0FD500C3F9E1 /* k3.mp3 */; };
		B18E56102A4C0FD500C3F9E1 /* k6.mp3 in Resources */ = {isa = PBXBuildFile; fileRef = B18E56092A4C0FD500C3F9E1 /* k6.mp3 */; };
		B18E56112A4C0FD500C3F9E1 /* k5.mp3 in Resources */ = {isa = PBXBuildFile; fileRef = B18E560A2A4C0FD500C3F9E1 /* k5.mp3 */; };
		B18E56122A4C0FD500C3F9E1 /* k7.mp3 in Resources */ = {isa = PBXBuildFile; fileRef = B18E560B2A4C0FD500C3F9E1 /* k7.mp3 */; };
		B18E56142A4C37C000C3F9E1 /* ShelfScene.sks in Resources */ = {isa = PBXBuildFile; fileRef = B18E56132A4C37C000C3F9E1 /* ShelfScene.sks */; };
		B18E56172A4C37D900C3F9E1 /* ShelfScene.swift in Sources */ = {isa = PBXBuildFile; fileRef = B18E56162A4C37D900C3F9E1 /* ShelfScene.swift */; };
		B18E56262A4C919400C3F9E1 /* GameData.swift in Sources */ = {isa = PBXBuildFile; fileRef = B18E56252A4C919400C3F9E1 /* GameData.swift */; };
		B18E56312A4DDDFC00C3F9E1 /* videoplayback.mp4 in Resources */ = {isa = PBXBuildFile; fileRef = B18E56302A4DDDFC00C3F9E1 /* videoplayback.mp4 */; };
		B18E56352A4E8F9A00C3F9E1 /* TransOld.mp4 in Resources */ = {isa = PBXBuildFile; fileRef = B18E56342A4E8F9A00C3F9E1 /* TransOld.mp4 */; };
		B18E56412A4EED9100C3F9E1 /* GameOverScene.swift in Sources */ = {isa = PBXBuildFile; fileRef = B18E56402A4EED9100C3F9E1 /* GameOverScene.swift */; };
		B18E56432A4EED9A00C3F9E1 /* GameOverScene.sks in Resources */ = {isa = PBXBuildFile; fileRef = B18E56422A4EED9A00C3F9E1 /* GameOverScene.sks */; };
		B71AA0642A4E7A7B00C2B4E4 /* JigsawScene.swift in Sources */ = {isa = PBXBuildFile; fileRef = B71AA0632A4E7A7B00C2B4E4 /* JigsawScene.swift */; };
		B71AA0662A4E7ABC00C2B4E4 /* Puzzle.swift in Sources */ = {isa = PBXBuildFile; fileRef = B71AA0652A4E7ABC00C2B4E4 /* Puzzle.swift */; };
		B71AA0682A4E7AE400C2B4E4 /* Piece.swift in Sources */ = {isa = PBXBuildFile; fileRef = B71AA0672A4E7AE400C2B4E4 /* Piece.swift */; };
		B71AA06A2A4E7B0000C2B4E4 /* SpriteComponent.swift in Sources */ = {isa = PBXBuildFile; fileRef = B71AA0692A4E7B0000C2B4E4 /* SpriteComponent.swift */; };
		B71AA06C2A4E7B1D00C2B4E4 /* PositionComponent.swift in Sources */ = {isa = PBXBuildFile; fileRef = B71AA06B2A4E7B1D00C2B4E4 /* PositionComponent.swift */; };
		B71AA06E2A4E7B3900C2B4E4 /* InteractionComponent.swift in Sources */ = {isa = PBXBuildFile; fileRef = B71AA06D2A4E7B3900C2B4E4 /* InteractionComponent.swift */; };
		B71AA0702A4E7B5000C2B4E4 /* SnappingComponent.swift in Sources */ = {isa = PBXBuildFile; fileRef = B71AA06F2A4E7B5000C2B4E4 /* SnappingComponent.swift */; };
		B71AA0722A4E7B6700C2B4E4 /* ScaleComponent.swift in Sources */ = {isa = PBXBuildFile; fileRef = B71AA0712A4E7B6700C2B4E4 /* ScaleComponent.swift */; };
		B71AA0742A4E7B7D00C2B4E4 /* InteractionComponent+Interact.swift in Sources */ = {isa = PBXBuildFile; fileRef = B71AA0732A4E7B7D00C2B4E4 /* InteractionComponent+Interact.swift */; };
		B71AA0762A4E7B9800C2B4E4 /* SnappingComponent+Snap.swift in Sources */ = {isa = PBXBuildFile; fileRef = B71AA0752A4E7B9800C2B4E4 /* SnappingComponent+Snap.swift */; };
		B71AA0782A4E7BB800C2B4E4 /* SpriteComponent+Render.swift in Sources */ = {isa = PBXBuildFile; fileRef = B71AA0772A4E7BB800C2B4E4 /* SpriteComponent+Render.swift */; };
		B71AA07A2A4E7BC700C2B4E4 /* CGPoint+math.swift in Sources */ = {isa = PBXBuildFile; fileRef = B71AA0792A4E7BC700C2B4E4 /* CGPoint+math.swift */; };
		B71AA07C2A4E7C6000C2B4E4 /* person.json in Resources */ = {isa = PBXBuildFile; fileRef = B71AA07B2A4E7C6000C2B4E4 /* person.json */; };
		B71AA07E2A4E7CC400C2B4E4 /* JigsawScene+touch.swift in Sources */ = {isa = PBXBuildFile; fileRef = B71AA07D2A4E7CC400C2B4E4 /* JigsawScene+touch.swift */; };
		B71AA0802A4E7D0A00C2B4E4 /* JigsawViewController.swift in Sources */ = {isa = PBXBuildFile; fileRef = B71AA07F2A4E7D0A00C2B4E4 /* JigsawViewController.swift */; };
/* End PBXBuildFile section */

/* Begin PBXContainerItemProxy section */
		04CAE96B2A32D68100F59461 /* PBXContainerItemProxy */ = {
			isa = PBXContainerItemProxy;
			containerPortal = 04CAE9492A32D68000F59461 /* Project object */;
			proxyType = 1;
			remoteGlobalIDString = 04CAE9502A32D68000F59461;
			remoteInfo = Mini2;
		};
		04CAE9752A32D68100F59461 /* PBXContainerItemProxy */ = {
			isa = PBXContainerItemProxy;
			containerPortal = 04CAE9492A32D68000F59461 /* Project object */;
			proxyType = 1;
			remoteGlobalIDString = 04CAE9502A32D68000F59461;
			remoteInfo = Mini2;
		};
/* End PBXContainerItemProxy section */

/* Begin PBXFileReference section */
		044302202A501038005C4102 /* YearbookPeelEffectLoopingView.swift */ = {isa = PBXFileReference; lastKnownFileType = sourcecode.swift; path = YearbookPeelEffectLoopingView.swift; sourceTree = "<group>"; };
		044302222A501087005C4102 /* HorizontalYearbookPeelEffectView.swift */ = {isa = PBXFileReference; lastKnownFileType = sourcecode.swift; path = HorizontalYearbookPeelEffectView.swift; sourceTree = "<group>"; };
		04CAE9512A32D68000F59461 /* Mini2.app */ = {isa = PBXFileReference; explicitFileType = wrapper.application; includeInIndex = 0; path = Mini2.app; sourceTree = BUILT_PRODUCTS_DIR; };
		04CAE9542A32D68000F59461 /* AppDelegate.swift */ = {isa = PBXFileReference; lastKnownFileType = sourcecode.swift; path = AppDelegate.swift; sourceTree = "<group>"; };
		04CAE9562A32D68000F59461 /* GameScene.sks */ = {isa = PBXFileReference; lastKnownFileType = file.sks; path = GameScene.sks; sourceTree = "<group>"; };
		04CAE95A2A32D68000F59461 /* GameScene.swift */ = {isa = PBXFileReference; lastKnownFileType = sourcecode.swift; path = GameScene.swift; sourceTree = "<group>"; };
		04CAE95C2A32D68000F59461 /* GameViewController.swift */ = {isa = PBXFileReference; lastKnownFileType = sourcecode.swift; path = GameViewController.swift; sourceTree = "<group>"; };
		04CAE95F2A32D68000F59461 /* Base */ = {isa = PBXFileReference; lastKnownFileType = file.storyboard; name = Base; path = Base.lproj/Main.storyboard; sourceTree = "<group>"; };
		04CAE9612A32D68100F59461 /* Assets.xcassets */ = {isa = PBXFileReference; lastKnownFileType = folder.assetcatalog; path = Assets.xcassets; sourceTree = "<group>"; };
		04CAE9642A32D68100F59461 /* Base */ = {isa = PBXFileReference; lastKnownFileType = file.storyboard; name = Base; path = Base.lproj/LaunchScreen.storyboard; sourceTree = "<group>"; };
		04CAE96A2A32D68100F59461 /* Mini2Tests.xctest */ = {isa = PBXFileReference; explicitFileType = wrapper.cfbundle; includeInIndex = 0; path = Mini2Tests.xctest; sourceTree = BUILT_PRODUCTS_DIR; };
		04CAE96E2A32D68100F59461 /* Mini2Tests.swift */ = {isa = PBXFileReference; lastKnownFileType = sourcecode.swift; path = Mini2Tests.swift; sourceTree = "<group>"; };
		04CAE9742A32D68100F59461 /* Mini2UITests.xctest */ = {isa = PBXFileReference; explicitFileType = wrapper.cfbundle; includeInIndex = 0; path = Mini2UITests.xctest; sourceTree = BUILT_PRODUCTS_DIR; };
		04CAE9782A32D68100F59461 /* Mini2UITests.swift */ = {isa = PBXFileReference; lastKnownFileType = sourcecode.swift; path = Mini2UITests.swift; sourceTree = "<group>"; };
		04CAE97A2A32D68100F59461 /* Mini2UITestsLaunchTests.swift */ = {isa = PBXFileReference; lastKnownFileType = sourcecode.swift; path = Mini2UITestsLaunchTests.swift; sourceTree = "<group>"; };
		04EA36A42A4EF33B000AFEB0 /* EmployeeDiaryPeelEffectLoopingView.swift */ = {isa = PBXFileReference; lastKnownFileType = sourcecode.swift; path = EmployeeDiaryPeelEffectLoopingView.swift; sourceTree = "<group>"; };
		04EA36A62A4EF428000AFEB0 /* HorizontalEmployeeDiaryPeelEffectView.swift */ = {isa = PBXFileReference; lastKnownFileType = sourcecode.swift; path = HorizontalEmployeeDiaryPeelEffectView.swift; sourceTree = "<group>"; };
		04EA36A82A4EF47A000AFEB0 /* VerticalYearbookPeelEffectView.swift */ = {isa = PBXFileReference; lastKnownFileType = sourcecode.swift; path = VerticalYearbookPeelEffectView.swift; sourceTree = "<group>"; };
		04EA36AB2A4EF65D000AFEB0 /* DeskDetailScene.swift */ = {isa = PBXFileReference; lastKnownFileType = sourcecode.swift; path = DeskDetailScene.swift; sourceTree = "<group>"; };
		04EA36AD2A4EF676000AFEB0 /* DeskDetailScene.sks */ = {isa = PBXFileReference; lastKnownFileType = file.sks; path = DeskDetailScene.sks; sourceTree = "<group>"; };
		3479E2542A4EBA0300F24D90 /* running.mp3 */ = {isa = PBXFileReference; lastKnownFileType = audio.mp3; path = running.mp3; sourceTree = "<group>"; };
		3479E2592A4ED05500F24D90 /* walking.mp3 */ = {isa = PBXFileReference; lastKnownFileType = audio.mp3; path = walking.mp3; sourceTree = "<group>"; };
		3479E25B2A4ED2BC00F24D90 /* painting interact.mp3 */ = {isa = PBXFileReference; lastKnownFileType = audio.mp3; path = "painting interact.mp3"; sourceTree = "<group>"; };
		3479E25E2A4EDF3A00F24D90 /* ghost scream.mp3 */ = {isa = PBXFileReference; lastKnownFileType = audio.mp3; path = "ghost scream.mp3"; sourceTree = "<group>"; };
		3479E25F2A4EDF3A00F24D90 /* ghost appear.mp3 */ = {isa = PBXFileReference; lastKnownFileType = audio.mp3; path = "ghost appear.mp3"; sourceTree = "<group>"; };
		34B9B2032A458BA6001F4A39 /* KalimbaScene.swift */ = {isa = PBXFileReference; lastKnownFileType = sourcecode.swift; path = KalimbaScene.swift; sourceTree = "<group>"; };
		34B9B2072A458C48001F4A39 /* KalimbaScene.sks */ = {isa = PBXFileReference; lastKnownFileType = file.sks; path = KalimbaScene.sks; sourceTree = "<group>"; };
		34B9B2142A45A310001F4A39 /* SoundComponent.swift */ = {isa = PBXFileReference; lastKnownFileType = sourcecode.swift; path = SoundComponent.swift; sourceTree = "<group>"; };
		34B9B2742A4DD165001F4A39 /* BGMScene.swift */ = {isa = PBXFileReference; lastKnownFileType = sourcecode.swift; path = BGMScene.swift; sourceTree = "<group>"; };
		34B9B2772A4DD224001F4A39 /* background music of new library.mp3 */ = {isa = PBXFileReference; lastKnownFileType = audio.mp3; path = "background music of new library.mp3"; sourceTree = "<group>"; };
		34B9B2782A4DD224001F4A39 /* background music of old library.mp3 */ = {isa = PBXFileReference; lastKnownFileType = audio.mp3; path = "background music of old library.mp3"; sourceTree = "<group>"; };
		34B9B2792A4DD224001F4A39 /* background music of corridor.mp3 */ = {isa = PBXFileReference; lastKnownFileType = audio.mp3; path = "background music of corridor.mp3"; sourceTree = "<group>"; };
		34B9B27E2A4DD3C5001F4A39 /* number lock failed.mp3 */ = {isa = PBXFileReference; lastKnownFileType = audio.mp3; path = "number lock failed.mp3"; sourceTree = "<group>"; };
		34B9B27F2A4DD3C5001F4A39 /* number lock success.mp3 */ = {isa = PBXFileReference; lastKnownFileType = audio.mp3; path = "number lock success.mp3"; sourceTree = "<group>"; };
		34B9B2802A4DD3C5001F4A39 /* number lock.mp3 */ = {isa = PBXFileReference; lastKnownFileType = audio.mp3; path = "number lock.mp3"; sourceTree = "<group>"; };
		34B9B2922A4EA7C3001F4A39 /* lock interact.mp3 */ = {isa = PBXFileReference; lastKnownFileType = audio.mp3; path = "lock interact.mp3"; sourceTree = "<group>"; };
		34B9B2942A4EA7C3001F4A39 /* glass shatter.mp3 */ = {isa = PBXFileReference; lastKnownFileType = audio.mp3; path = "glass shatter.mp3"; sourceTree = "<group>"; };
		34B9B2952A4EA7C3001F4A39 /* paper interact.mp3 */ = {isa = PBXFileReference; lastKnownFileType = audio.mp3; path = "paper interact.mp3"; sourceTree = "<group>"; };
		34B9B2962A4EA7C3001F4A39 /* kalimba fall.mp3 */ = {isa = PBXFileReference; lastKnownFileType = audio.mp3; path = "kalimba fall.mp3"; sourceTree = "<group>"; };
		34B9B2982A4EA7C3001F4A39 /* table interact.mp3 */ = {isa = PBXFileReference; lastKnownFileType = audio.mp3; path = "table interact.mp3"; sourceTree = "<group>"; };
		34B9B2992A4EA7C3001F4A39 /* shelf interact.mp3 */ = {isa = PBXFileReference; lastKnownFileType = audio.mp3; path = "shelf interact.mp3"; sourceTree = "<group>"; };
		34C2EBC92A5044FF00D11119 /* turn diary.mp3 */ = {isa = PBXFileReference; lastKnownFileType = audio.mp3; path = "turn diary.mp3"; sourceTree = "<group>"; };
		34C2EBCA2A5044FF00D11119 /* turn yearbook.mp3 */ = {isa = PBXFileReference; lastKnownFileType = audio.mp3; path = "turn yearbook.mp3"; sourceTree = "<group>"; };
		34C2EBCB2A5044FF00D11119 /* book interact.mp3 */ = {isa = PBXFileReference; lastKnownFileType = audio.mp3; path = "book interact.mp3"; sourceTree = "<group>"; };
		34C2EBD12A504AEA00D11119 /* diary interact.mp3 */ = {isa = PBXFileReference; lastKnownFileType = audio.mp3; path = "diary interact.mp3"; sourceTree = "<group>"; };
		34C2EBD32A504FA700D11119 /* ghost appear two.mp3 */ = {isa = PBXFileReference; lastKnownFileType = audio.mp3; path = "ghost appear two.mp3"; sourceTree = "<group>"; };
		533B760C2A4E775D009015F9 /* InnTotScene.swift */ = {isa = PBXFileReference; lastKnownFileType = sourcecode.swift; path = InnTotScene.swift; sourceTree = "<group>"; };
		533B760E2A4E777F009015F9 /* InnTotScene.sks */ = {isa = PBXFileReference; lastKnownFileType = file.sks; path = InnTotScene.sks; sourceTree = "<group>"; };
		534C8CFE2A4BD4A60033D8D1 /* ModernLibraryScene.swift */ = {isa = PBXFileReference; lastKnownFileType = sourcecode.swift; path = ModernLibraryScene.swift; sourceTree = "<group>"; };
		534C8D012A4BD4C50033D8D1 /* ModernLibraryScene.sks */ = {isa = PBXFileReference; lastKnownFileType = file.sks; path = ModernLibraryScene.sks; sourceTree = "<group>"; };
		534C8D042A4BFC440033D8D1 /* CorridorScene.swift */ = {isa = PBXFileReference; lastKnownFileType = sourcecode.swift; path = CorridorScene.swift; sourceTree = "<group>"; };
		534C8D062A4BFC590033D8D1 /* CorridorScene.sks */ = {isa = PBXFileReference; lastKnownFileType = file.sks; path = CorridorScene.sks; sourceTree = "<group>"; };
		53B979AF2A433AD8004F71D5 /* MovementComponent.swift */ = {isa = PBXFileReference; lastKnownFileType = sourcecode.swift; path = MovementComponent.swift; sourceTree = "<group>"; };
		53B979B82A4746A3004F71D5 /* PlaytestScreen.sks */ = {isa = PBXFileReference; lastKnownFileType = file.sks; path = PlaytestScreen.sks; sourceTree = "<group>"; };
		53B979BA2A4746AF004F71D5 /* PlaytestScreen.swift */ = {isa = PBXFileReference; lastKnownFileType = sourcecode.swift; path = PlaytestScreen.swift; sourceTree = "<group>"; };
		B119E1372A47290F001C7CEB /* LockScene.sks */ = {isa = PBXFileReference; lastKnownFileType = file.sks; path = LockScene.sks; sourceTree = "<group>"; };
		B119E1392A472916001C7CEB /* LockScene.swift */ = {isa = PBXFileReference; lastKnownFileType = sourcecode.swift; path = LockScene.swift; sourceTree = "<group>"; };
		B185ED1C2A472BF900CA0241 /* Scene1.swift */ = {isa = PBXFileReference; lastKnownFileType = sourcecode.swift; path = Scene1.swift; sourceTree = "<group>"; };
		B185ED1E2A472C0400CA0241 /* Scene1.sks */ = {isa = PBXFileReference; lastKnownFileType = file.sks; path = Scene1.sks; sourceTree = "<group>"; };
		B18E56012A4A8DD700C3F9E1 /* ContentView.swift */ = {isa = PBXFileReference; lastKnownFileType = sourcecode.swift; path = ContentView.swift; sourceTree = "<group>"; };
		B18E56052A4C0FD500C3F9E1 /* k1.mp3 */ = {isa = PBXFileReference; lastKnownFileType = audio.mp3; path = k1.mp3; sourceTree = "<group>"; };
		B18E56062A4C0FD500C3F9E1 /* k2.mp3 */ = {isa = PBXFileReference; lastKnownFileType = audio.mp3; path = k2.mp3; sourceTree = "<group>"; };
		B18E56072A4C0FD500C3F9E1 /* k4.mp3 */ = {isa = PBXFileReference; lastKnownFileType = audio.mp3; path = k4.mp3; sourceTree = "<group>"; };
		B18E56082A4C0FD500C3F9E1 /* k3.mp3 */ = {isa = PBXFileReference; lastKnownFileType = audio.mp3; path = k3.mp3; sourceTree = "<group>"; };
		B18E56092A4C0FD500C3F9E1 /* k6.mp3 */ = {isa = PBXFileReference; lastKnownFileType = audio.mp3; path = k6.mp3; sourceTree = "<group>"; };
		B18E560A2A4C0FD500C3F9E1 /* k5.mp3 */ = {isa = PBXFileReference; lastKnownFileType = audio.mp3; path = k5.mp3; sourceTree = "<group>"; };
		B18E560B2A4C0FD500C3F9E1 /* k7.mp3 */ = {isa = PBXFileReference; lastKnownFileType = audio.mp3; path = k7.mp3; sourceTree = "<group>"; };
		B18E56132A4C37C000C3F9E1 /* ShelfScene.sks */ = {isa = PBXFileReference; lastKnownFileType = file.sks; path = ShelfScene.sks; sourceTree = "<group>"; };
		B18E56162A4C37D900C3F9E1 /* ShelfScene.swift */ = {isa = PBXFileReference; lastKnownFileType = sourcecode.swift; path = ShelfScene.swift; sourceTree = "<group>"; };
		B18E56252A4C919400C3F9E1 /* GameData.swift */ = {isa = PBXFileReference; lastKnownFileType = sourcecode.swift; path = GameData.swift; sourceTree = "<group>"; };
		B18E56302A4DDDFC00C3F9E1 /* videoplayback.mp4 */ = {isa = PBXFileReference; lastKnownFileType = file; path = videoplayback.mp4; sourceTree = "<group>"; };
		B18E56342A4E8F9A00C3F9E1 /* TransOld.mp4 */ = {isa = PBXFileReference; lastKnownFileType = file; path = TransOld.mp4; sourceTree = "<group>"; };
		B18E56402A4EED9100C3F9E1 /* GameOverScene.swift */ = {isa = PBXFileReference; lastKnownFileType = sourcecode.swift; path = GameOverScene.swift; sourceTree = "<group>"; };
		B18E56422A4EED9A00C3F9E1 /* GameOverScene.sks */ = {isa = PBXFileReference; lastKnownFileType = file.sks; path = GameOverScene.sks; sourceTree = "<group>"; };
		B71AA0632A4E7A7B00C2B4E4 /* JigsawScene.swift */ = {isa = PBXFileReference; lastKnownFileType = sourcecode.swift; path = JigsawScene.swift; sourceTree = "<group>"; };
		B71AA0652A4E7ABC00C2B4E4 /* Puzzle.swift */ = {isa = PBXFileReference; lastKnownFileType = sourcecode.swift; path = Puzzle.swift; sourceTree = "<group>"; };
		B71AA0672A4E7AE400C2B4E4 /* Piece.swift */ = {isa = PBXFileReference; lastKnownFileType = sourcecode.swift; path = Piece.swift; sourceTree = "<group>"; };
		B71AA0692A4E7B0000C2B4E4 /* SpriteComponent.swift */ = {isa = PBXFileReference; lastKnownFileType = sourcecode.swift; path = SpriteComponent.swift; sourceTree = "<group>"; };
		B71AA06B2A4E7B1D00C2B4E4 /* PositionComponent.swift */ = {isa = PBXFileReference; lastKnownFileType = sourcecode.swift; path = PositionComponent.swift; sourceTree = "<group>"; };
		B71AA06D2A4E7B3900C2B4E4 /* InteractionComponent.swift */ = {isa = PBXFileReference; lastKnownFileType = sourcecode.swift; path = InteractionComponent.swift; sourceTree = "<group>"; };
		B71AA06F2A4E7B5000C2B4E4 /* SnappingComponent.swift */ = {isa = PBXFileReference; lastKnownFileType = sourcecode.swift; path = SnappingComponent.swift; sourceTree = "<group>"; };
		B71AA0712A4E7B6700C2B4E4 /* ScaleComponent.swift */ = {isa = PBXFileReference; lastKnownFileType = sourcecode.swift; path = ScaleComponent.swift; sourceTree = "<group>"; };
		B71AA0732A4E7B7D00C2B4E4 /* InteractionComponent+Interact.swift */ = {isa = PBXFileReference; lastKnownFileType = sourcecode.swift; path = "InteractionComponent+Interact.swift"; sourceTree = "<group>"; };
		B71AA0752A4E7B9800C2B4E4 /* SnappingComponent+Snap.swift */ = {isa = PBXFileReference; lastKnownFileType = sourcecode.swift; path = "SnappingComponent+Snap.swift"; sourceTree = "<group>"; };
		B71AA0772A4E7BB800C2B4E4 /* SpriteComponent+Render.swift */ = {isa = PBXFileReference; lastKnownFileType = sourcecode.swift; path = "SpriteComponent+Render.swift"; sourceTree = "<group>"; };
		B71AA0792A4E7BC700C2B4E4 /* CGPoint+math.swift */ = {isa = PBXFileReference; lastKnownFileType = sourcecode.swift; path = "CGPoint+math.swift"; sourceTree = "<group>"; };
		B71AA07B2A4E7C6000C2B4E4 /* person.json */ = {isa = PBXFileReference; fileEncoding = 4; lastKnownFileType = text.json; path = person.json; sourceTree = "<group>"; };
		B71AA07D2A4E7CC400C2B4E4 /* JigsawScene+touch.swift */ = {isa = PBXFileReference; lastKnownFileType = sourcecode.swift; path = "JigsawScene+touch.swift"; sourceTree = "<group>"; };
		B71AA07F2A4E7D0A00C2B4E4 /* JigsawViewController.swift */ = {isa = PBXFileReference; lastKnownFileType = sourcecode.swift; path = JigsawViewController.swift; sourceTree = "<group>"; };
/* End PBXFileReference section */

/* Begin PBXFrameworksBuildPhase section */
		04CAE94E2A32D68000F59461 /* Frameworks */ = {
			isa = PBXFrameworksBuildPhase;
			buildActionMask = 2147483647;
			files = (
			);
			runOnlyForDeploymentPostprocessing = 0;
		};
		04CAE9672A32D68100F59461 /* Frameworks */ = {
			isa = PBXFrameworksBuildPhase;
			buildActionMask = 2147483647;
			files = (
			);
			runOnlyForDeploymentPostprocessing = 0;
		};
		04CAE9712A32D68100F59461 /* Frameworks */ = {
			isa = PBXFrameworksBuildPhase;
			buildActionMask = 2147483647;
			files = (
			);
			runOnlyForDeploymentPostprocessing = 0;
		};
/* End PBXFrameworksBuildPhase section */

/* Begin PBXGroup section */
		04CAE9482A32D68000F59461 = {
			isa = PBXGroup;
			children = (
				04CAE9532A32D68000F59461 /* Mini2 */,
				04CAE96D2A32D68100F59461 /* Mini2Tests */,
				04CAE9772A32D68100F59461 /* Mini2UITests */,
				04CAE9522A32D68000F59461 /* Products */,
			);
			sourceTree = "<group>";
		};
		04CAE9522A32D68000F59461 /* Products */ = {
			isa = PBXGroup;
			children = (
				04CAE9512A32D68000F59461 /* Mini2.app */,
				04CAE96A2A32D68100F59461 /* Mini2Tests.xctest */,
				04CAE9742A32D68100F59461 /* Mini2UITests.xctest */,
			);
			name = Products;
			sourceTree = "<group>";
		};
		04CAE9532A32D68000F59461 /* Mini2 */ = {
			isa = PBXGroup;
			children = (
				04EA36A32A4EF31A000AFEB0 /* View */,
				B18E56242A4C918B00C3F9E1 /* Data */,
				34B9B2132A45A15A001F4A39 /* Assets */,
				34B9B2202A45A5CA001F4A39 /* Components */,
				34B9B2062A458BF3001F4A39 /* Scene */,
				04CAE9542A32D68000F59461 /* AppDelegate.swift */,
				B18E56012A4A8DD700C3F9E1 /* ContentView.swift */,
				04CAE95C2A32D68000F59461 /* GameViewController.swift */,
				04CAE95E2A32D68000F59461 /* Main.storyboard */,
				04CAE9632A32D68100F59461 /* LaunchScreen.storyboard */,
			);
			path = Mini2;
			sourceTree = "<group>";
		};
		04CAE96D2A32D68100F59461 /* Mini2Tests */ = {
			isa = PBXGroup;
			children = (
				04CAE96E2A32D68100F59461 /* Mini2Tests.swift */,
			);
			path = Mini2Tests;
			sourceTree = "<group>";
		};
		04CAE9772A32D68100F59461 /* Mini2UITests */ = {
			isa = PBXGroup;
			children = (
				04CAE9782A32D68100F59461 /* Mini2UITests.swift */,
				04CAE97A2A32D68100F59461 /* Mini2UITestsLaunchTests.swift */,
			);
			path = Mini2UITests;
			sourceTree = "<group>";
		};
		04EA36A32A4EF31A000AFEB0 /* View */ = {
			isa = PBXGroup;
			children = (
				04EA36A62A4EF428000AFEB0 /* HorizontalEmployeeDiaryPeelEffectView.swift */,
				04EA36A42A4EF33B000AFEB0 /* EmployeeDiaryPeelEffectLoopingView.swift */,
				044302222A501087005C4102 /* HorizontalYearbookPeelEffectView.swift */,
				04EA36A82A4EF47A000AFEB0 /* VerticalYearbookPeelEffectView.swift */,
				044302202A501038005C4102 /* YearbookPeelEffectLoopingView.swift */,
			);
			path = View;
			sourceTree = "<group>";
		};
		04EA36AA2A4EF624000AFEB0 /* DeskDetailScene */ = {
			isa = PBXGroup;
			children = (
				04EA36AB2A4EF65D000AFEB0 /* DeskDetailScene.swift */,
				04EA36AD2A4EF676000AFEB0 /* DeskDetailScene.sks */,
			);
			path = DeskDetailScene;
			sourceTree = "<group>";
		};
		3479E2532A4EB9F300F24D90 /* MovementSound */ = {
			isa = PBXGroup;
			children = (
				3479E2542A4EBA0300F24D90 /* running.mp3 */,
				3479E2592A4ED05500F24D90 /* walking.mp3 */,
			);
			path = MovementSound;
			sourceTree = "<group>";
		};
		3479E25D2A4EDF2200F24D90 /* GhostSound */ = {
			isa = PBXGroup;
			children = (
				3479E25F2A4EDF3A00F24D90 /* ghost appear.mp3 */,
				34C2EBD32A504FA700D11119 /* ghost appear two.mp3 */,
				3479E25E2A4EDF3A00F24D90 /* ghost scream.mp3 */,
			);
			path = GhostSound;
			sourceTree = "<group>";
		};
		34A1CB4A2A4EAF080056FEA5 /* InteractSound */ = {
			isa = PBXGroup;
			children = (
				34C2EBD12A504AEA00D11119 /* diary interact.mp3 */,
				34C2EBCB2A5044FF00D11119 /* book interact.mp3 */,
				34B9B2922A4EA7C3001F4A39 /* lock interact.mp3 */,
				3479E25B2A4ED2BC00F24D90 /* painting interact.mp3 */,
				34B9B2952A4EA7C3001F4A39 /* paper interact.mp3 */,
				34B9B2982A4EA7C3001F4A39 /* table interact.mp3 */,
				34B9B2992A4EA7C3001F4A39 /* shelf interact.mp3 */,
			);
			path = InteractSound;
			sourceTree = "<group>";
		};
		34B9B2052A458BBB001F4A39 /* KalimbaScene */ = {
			isa = PBXGroup;
			children = (
				34B9B2032A458BA6001F4A39 /* KalimbaScene.swift */,
				34B9B2072A458C48001F4A39 /* KalimbaScene.sks */,
			);
			path = KalimbaScene;
			sourceTree = "<group>";
		};
		34B9B2062A458BF3001F4A39 /* Scene */ = {
			isa = PBXGroup;
			children = (
				B18E563F2A4EED8000C3F9E1 /* GameOverScene */,
				04EA36AA2A4EF624000AFEB0 /* DeskDetailScene */,
				B71AA0622A4E7A5700C2B4E4 /* JigsawScene */,
				533B760B2A4E7731009015F9 /* InnTotScene */,
				34B9B2732A4DD132001F4A39 /* BGMScene */,
				B18E56152A4C37C700C3F9E1 /* ShelfScene */,
				534C8D032A4BFC360033D8D1 /* CorridorScene */,
				534C8D002A4BD4AC0033D8D1 /* ModernLibrary */,
				53B979B72A47466A004F71D5 /* PlaytestScreen */,
				B119E13B2A472A82001C7CEB /* DummyScreen */,
				B119E1362A4728ED001C7CEB /* LockScene */,
				34B9B2212A45A60B001F4A39 /* GameScene */,
				34B9B2052A458BBB001F4A39 /* KalimbaScene */,
			);
			path = Scene;
			sourceTree = "<group>";
		};
		34B9B20D2A45990C001F4A39 /* Sound */ = {
			isa = PBXGroup;
			children = (
				34C2EBD02A50499C00D11119 /* YearbookSound */,
				34C2EBCF2A50450D00D11119 /* DiarySound */,
				3479E25D2A4EDF2200F24D90 /* GhostSound */,
				3479E2532A4EB9F300F24D90 /* MovementSound */,
				34A1CB4A2A4EAF080056FEA5 /* InteractSound */,
				34B9B2932A4EA7C3001F4A39 /* GlassSound */,
				34B9B27D2A4DD3B8001F4A39 /* LockSound */,
				34B9B2762A4DD20F001F4A39 /* BGMSound */,
				34B9B20E2A459916001F4A39 /* KalimbaSound */,
			);
			path = Sound;
			sourceTree = "<group>";
		};
		34B9B20E2A459916001F4A39 /* KalimbaSound */ = {
			isa = PBXGroup;
			children = (
				34B9B2962A4EA7C3001F4A39 /* kalimba fall.mp3 */,
				B18E56052A4C0FD500C3F9E1 /* k1.mp3 */,
				B18E56062A4C0FD500C3F9E1 /* k2.mp3 */,
				B18E56082A4C0FD500C3F9E1 /* k3.mp3 */,
				B18E56072A4C0FD500C3F9E1 /* k4.mp3 */,
				B18E560A2A4C0FD500C3F9E1 /* k5.mp3 */,
				B18E56092A4C0FD500C3F9E1 /* k6.mp3 */,
				B18E560B2A4C0FD500C3F9E1 /* k7.mp3 */,
			);
			path = KalimbaSound;
			sourceTree = "<group>";
		};
		34B9B2132A45A15A001F4A39 /* Assets */ = {
			isa = PBXGroup;
			children = (
				B71AA07B2A4E7C6000C2B4E4 /* person.json */,
				04CAE9612A32D68100F59461 /* Assets.xcassets */,
				B18E56292A4DDC7100C3F9E1 /* Video */,
				34B9B20D2A45990C001F4A39 /* Sound */,
			);
			path = Assets;
			sourceTree = "<group>";
		};
		34B9B2202A45A5CA001F4A39 /* Components */ = {
			isa = PBXGroup;
			children = (
				53B979AF2A433AD8004F71D5 /* MovementComponent.swift */,
				34B9B2142A45A310001F4A39 /* SoundComponent.swift */,
			);
			path = Components;
			sourceTree = "<group>";
		};
		34B9B2212A45A60B001F4A39 /* GameScene */ = {
			isa = PBXGroup;
			children = (
				04CAE95A2A32D68000F59461 /* GameScene.swift */,
				04CAE9562A32D68000F59461 /* GameScene.sks */,
			);
			path = GameScene;
			sourceTree = "<group>";
		};
		34B9B2732A4DD132001F4A39 /* BGMScene */ = {
			isa = PBXGroup;
			children = (
				34B9B2742A4DD165001F4A39 /* BGMScene.swift */,
			);
			path = BGMScene;
			sourceTree = "<group>";
		};
		34B9B2762A4DD20F001F4A39 /* BGMSound */ = {
			isa = PBXGroup;
			children = (
				34B9B2792A4DD224001F4A39 /* background music of corridor.mp3 */,
				34B9B2772A4DD224001F4A39 /* background music of new library.mp3 */,
				34B9B2782A4DD224001F4A39 /* background music of old library.mp3 */,
			);
			path = BGMSound;
			sourceTree = "<group>";
		};
		34B9B27D2A4DD3B8001F4A39 /* LockSound */ = {
			isa = PBXGroup;
			children = (
				34B9B27E2A4DD3C5001F4A39 /* number lock failed.mp3 */,
				34B9B27F2A4DD3C5001F4A39 /* number lock success.mp3 */,
				34B9B2802A4DD3C5001F4A39 /* number lock.mp3 */,
			);
			path = LockSound;
			sourceTree = "<group>";
		};
		34B9B2932A4EA7C3001F4A39 /* GlassSound */ = {
			isa = PBXGroup;
			children = (
				34B9B2942A4EA7C3001F4A39 /* glass shatter.mp3 */,
			);
			path = GlassSound;
			sourceTree = "<group>";
		};
		34C2EBCF2A50450D00D11119 /* DiarySound */ = {
			isa = PBXGroup;
			children = (
				34C2EBC92A5044FF00D11119 /* turn diary.mp3 */,
			);
			path = DiarySound;
			sourceTree = "<group>";
		};
		34C2EBD02A50499C00D11119 /* YearbookSound */ = {
			isa = PBXGroup;
			children = (
				34C2EBCA2A5044FF00D11119 /* turn yearbook.mp3 */,
			);
			path = YearbookSound;
			sourceTree = "<group>";
		};
		533B760B2A4E7731009015F9 /* InnTotScene */ = {
			isa = PBXGroup;
			children = (
				533B760C2A4E775D009015F9 /* InnTotScene.swift */,
				533B760E2A4E777F009015F9 /* InnTotScene.sks */,
			);
			path = InnTotScene;
			sourceTree = "<group>";
		};
		534C8D002A4BD4AC0033D8D1 /* ModernLibrary */ = {
			isa = PBXGroup;
			children = (
				534C8CFE2A4BD4A60033D8D1 /* ModernLibraryScene.swift */,
				534C8D012A4BD4C50033D8D1 /* ModernLibraryScene.sks */,
			);
			path = ModernLibrary;
			sourceTree = "<group>";
		};
		534C8D032A4BFC360033D8D1 /* CorridorScene */ = {
			isa = PBXGroup;
			children = (
				534C8D042A4BFC440033D8D1 /* CorridorScene.swift */,
				534C8D062A4BFC590033D8D1 /* CorridorScene.sks */,
			);
			path = CorridorScene;
			sourceTree = "<group>";
		};
		53B979B72A47466A004F71D5 /* PlaytestScreen */ = {
			isa = PBXGroup;
			children = (
				53B979B82A4746A3004F71D5 /* PlaytestScreen.sks */,
				53B979BA2A4746AF004F71D5 /* PlaytestScreen.swift */,
			);
			path = PlaytestScreen;
			sourceTree = "<group>";
		};
		B119E1362A4728ED001C7CEB /* LockScene */ = {
			isa = PBXGroup;
			children = (
				B119E1392A472916001C7CEB /* LockScene.swift */,
				B119E1372A47290F001C7CEB /* LockScene.sks */,
			);
			path = LockScene;
			sourceTree = "<group>";
		};
		B119E13B2A472A82001C7CEB /* DummyScreen */ = {
			isa = PBXGroup;
			children = (
				B185ED1C2A472BF900CA0241 /* Scene1.swift */,
				B185ED1E2A472C0400CA0241 /* Scene1.sks */,
			);
			path = DummyScreen;
			sourceTree = "<group>";
		};
		B18E56152A4C37C700C3F9E1 /* ShelfScene */ = {
			isa = PBXGroup;
			children = (
				B18E56162A4C37D900C3F9E1 /* ShelfScene.swift */,
				B18E56132A4C37C000C3F9E1 /* ShelfScene.sks */,
			);
			path = ShelfScene;
			sourceTree = "<group>";
		};
		B18E56242A4C918B00C3F9E1 /* Data */ = {
			isa = PBXGroup;
			children = (
				B18E56252A4C919400C3F9E1 /* GameData.swift */,
			);
			path = Data;
			sourceTree = "<group>";
		};
		B18E56292A4DDC7100C3F9E1 /* Video */ = {
			isa = PBXGroup;
			children = (
				B18E56342A4E8F9A00C3F9E1 /* TransOld.mp4 */,
				B18E56302A4DDDFC00C3F9E1 /* videoplayback.mp4 */,
			);
			path = Video;
			sourceTree = "<group>";
		};
		B18E563F2A4EED8000C3F9E1 /* GameOverScene */ = {
			isa = PBXGroup;
			children = (
				B18E56402A4EED9100C3F9E1 /* GameOverScene.swift */,
				B18E56422A4EED9A00C3F9E1 /* GameOverScene.sks */,
			);
			path = GameOverScene;
			sourceTree = "<group>";
		};
		B71AA0622A4E7A5700C2B4E4 /* JigsawScene */ = {
			isa = PBXGroup;
			children = (
				B71AA0632A4E7A7B00C2B4E4 /* JigsawScene.swift */,
				B71AA07F2A4E7D0A00C2B4E4 /* JigsawViewController.swift */,
				B71AA0652A4E7ABC00C2B4E4 /* Puzzle.swift */,
				B71AA0672A4E7AE400C2B4E4 /* Piece.swift */,
				B71AA0692A4E7B0000C2B4E4 /* SpriteComponent.swift */,
				B71AA06B2A4E7B1D00C2B4E4 /* PositionComponent.swift */,
				B71AA06D2A4E7B3900C2B4E4 /* InteractionComponent.swift */,
				B71AA06F2A4E7B5000C2B4E4 /* SnappingComponent.swift */,
				B71AA0712A4E7B6700C2B4E4 /* ScaleComponent.swift */,
				B71AA0732A4E7B7D00C2B4E4 /* InteractionComponent+Interact.swift */,
				B71AA0752A4E7B9800C2B4E4 /* SnappingComponent+Snap.swift */,
				B71AA0772A4E7BB800C2B4E4 /* SpriteComponent+Render.swift */,
				B71AA0792A4E7BC700C2B4E4 /* CGPoint+math.swift */,
				B71AA07D2A4E7CC400C2B4E4 /* JigsawScene+touch.swift */,
			);
			name = JigsawScene;
			sourceTree = "<group>";
		};
/* End PBXGroup section */

/* Begin PBXNativeTarget section */
		04CAE9502A32D68000F59461 /* Mini2 */ = {
			isa = PBXNativeTarget;
			buildConfigurationList = 04CAE97E2A32D68100F59461 /* Build configuration list for PBXNativeTarget "Mini2" */;
			buildPhases = (
				04CAE94D2A32D68000F59461 /* Sources */,
				04CAE94E2A32D68000F59461 /* Frameworks */,
				04CAE94F2A32D68000F59461 /* Resources */,
			);
			buildRules = (
			);
			dependencies = (
			);
			name = Mini2;
			productName = Mini2;
			productReference = 04CAE9512A32D68000F59461 /* Mini2.app */;
			productType = "com.apple.product-type.application";
		};
		04CAE9692A32D68100F59461 /* Mini2Tests */ = {
			isa = PBXNativeTarget;
			buildConfigurationList = 04CAE9812A32D68100F59461 /* Build configuration list for PBXNativeTarget "Mini2Tests" */;
			buildPhases = (
				04CAE9662A32D68100F59461 /* Sources */,
				04CAE9672A32D68100F59461 /* Frameworks */,
				04CAE9682A32D68100F59461 /* Resources */,
			);
			buildRules = (
			);
			dependencies = (
				04CAE96C2A32D68100F59461 /* PBXTargetDependency */,
			);
			name = Mini2Tests;
			productName = Mini2Tests;
			productReference = 04CAE96A2A32D68100F59461 /* Mini2Tests.xctest */;
			productType = "com.apple.product-type.bundle.unit-test";
		};
		04CAE9732A32D68100F59461 /* Mini2UITests */ = {
			isa = PBXNativeTarget;
			buildConfigurationList = 04CAE9842A32D68100F59461 /* Build configuration list for PBXNativeTarget "Mini2UITests" */;
			buildPhases = (
				04CAE9702A32D68100F59461 /* Sources */,
				04CAE9712A32D68100F59461 /* Frameworks */,
				04CAE9722A32D68100F59461 /* Resources */,
			);
			buildRules = (
			);
			dependencies = (
				04CAE9762A32D68100F59461 /* PBXTargetDependency */,
			);
			name = Mini2UITests;
			productName = Mini2UITests;
			productReference = 04CAE9742A32D68100F59461 /* Mini2UITests.xctest */;
			productType = "com.apple.product-type.bundle.ui-testing";
		};
/* End PBXNativeTarget section */

/* Begin PBXProject section */
		04CAE9492A32D68000F59461 /* Project object */ = {
			isa = PBXProject;
			attributes = {
				BuildIndependentTargetsInParallel = 1;
				LastSwiftUpdateCheck = 1430;
				LastUpgradeCheck = 1430;
				TargetAttributes = {
					04CAE9502A32D68000F59461 = {
						CreatedOnToolsVersion = 14.3.1;
					};
					04CAE9692A32D68100F59461 = {
						CreatedOnToolsVersion = 14.3.1;
						TestTargetID = 04CAE9502A32D68000F59461;
					};
					04CAE9732A32D68100F59461 = {
						CreatedOnToolsVersion = 14.3.1;
						TestTargetID = 04CAE9502A32D68000F59461;
					};
				};
			};
			buildConfigurationList = 04CAE94C2A32D68000F59461 /* Build configuration list for PBXProject "Mini2" */;
			compatibilityVersion = "Xcode 14.0";
			developmentRegion = en;
			hasScannedForEncodings = 0;
			knownRegions = (
				en,
				Base,
			);
			mainGroup = 04CAE9482A32D68000F59461;
			productRefGroup = 04CAE9522A32D68000F59461 /* Products */;
			projectDirPath = "";
			projectRoot = "";
			targets = (
				04CAE9502A32D68000F59461 /* Mini2 */,
				04CAE9692A32D68100F59461 /* Mini2Tests */,
				04CAE9732A32D68100F59461 /* Mini2UITests */,
			);
		};
/* End PBXProject section */

/* Begin PBXResourcesBuildPhase section */
		04CAE94F2A32D68000F59461 /* Resources */ = {
			isa = PBXResourcesBuildPhase;
			buildActionMask = 2147483647;
			files = (
				34B9B2822A4DD3C6001F4A39 /* number lock success.mp3 in Resources */,
				5339FBEE2A49318A00647CF1 /* Assets.xcassets in Resources */,
				34C2EBCE2A5044FF00D11119 /* book interact.mp3 in Resources */,
				B71AA07C2A4E7C6000C2B4E4 /* person.json in Resources */,
				B18E56112A4C0FD500C3F9E1 /* k5.mp3 in Resources */,
				34C2EBCC2A5044FF00D11119 /* turn diary.mp3 in Resources */,
				B18E560E2A4C0FD500C3F9E1 /* k4.mp3 in Resources */,
				B18E560F2A4C0FD500C3F9E1 /* k3.mp3 in Resources */,
				B18E56312A4DDDFC00C3F9E1 /* videoplayback.mp4 in Resources */,
				3479E2562A4EBA0300F24D90 /* running.mp3 in Resources */,
				34B9B29B2A4EA7C3001F4A39 /* glass shatter.mp3 in Resources */,
				B18E56432A4EED9A00C3F9E1 /* GameOverScene.sks in Resources */,
				B18E560D2A4C0FD500C3F9E1 /* k2.mp3 in Resources */,
				04CAE9602A32D68000F59461 /* Main.storyboard in Resources */,
				34B9B27A2A4DD224001F4A39 /* background music of new library.mp3 in Resources */,
				3479E2612A4EDF3A00F24D90 /* ghost appear.mp3 in Resources */,
				34C2EBD42A504FA700D11119 /* ghost appear two.mp3 in Resources */,
				3479E2602A4EDF3A00F24D90 /* ghost scream.mp3 in Resources */,
				34B9B2832A4DD3C6001F4A39 /* number lock.mp3 in Resources */,
				B18E56352A4E8F9A00C3F9E1 /* TransOld.mp4 in Resources */,
				04CAE9572A32D68000F59461 /* GameScene.sks in Resources */,
				34B9B2082A458C48001F4A39 /* KalimbaScene.sks in Resources */,
				34B9B29F2A4EA7C3001F4A39 /* shelf interact.mp3 in Resources */,
				34B9B27B2A4DD224001F4A39 /* background music of old library.mp3 in Resources */,
				B119E1382A47290F001C7CEB /* LockScene.sks in Resources */,
				53B979B92A4746A3004F71D5 /* PlaytestScreen.sks in Resources */,
				34B9B29C2A4EA7C3001F4A39 /* paper interact.mp3 in Resources */,
				34B9B2812A4DD3C6001F4A39 /* number lock failed.mp3 in Resources */,
				534C8D072A4BFC590033D8D1 /* CorridorScene.sks in Resources */,
				3479E25C2A4ED2BC00F24D90 /* painting interact.mp3 in Resources */,
				B18E56142A4C37C000C3F9E1 /* ShelfScene.sks in Resources */,
				34B9B29A2A4EA7C3001F4A39 /* lock interact.mp3 in Resources */,
				3479E25A2A4ED05500F24D90 /* walking.mp3 in Resources */,
				34C2EBCD2A5044FF00D11119 /* turn yearbook.mp3 in Resources */,
				533B760F2A4E777F009015F9 /* InnTotScene.sks in Resources */,
				B185ED1F2A472C0400CA0241 /* Scene1.sks in Resources */,
				B18E56102A4C0FD500C3F9E1 /* k6.mp3 in Resources */,
				34B9B29E2A4EA7C3001F4A39 /* table interact.mp3 in Resources */,
				B18E56122A4C0FD500C3F9E1 /* k7.mp3 in Resources */,
				04EA36AE2A4EF676000AFEB0 /* DeskDetailScene.sks in Resources */,
				534C8D022A4BD4C50033D8D1 /* ModernLibraryScene.sks in Resources */,
				04CAE9652A32D68100F59461 /* LaunchScreen.storyboard in Resources */,
				34B9B27C2A4DD224001F4A39 /* background music of corridor.mp3 in Resources */,
				34B9B29D2A4EA7C3001F4A39 /* kalimba fall.mp3 in Resources */,
				B18E560C2A4C0FD500C3F9E1 /* k1.mp3 in Resources */,
				34C2EBD22A504AEA00D11119 /* diary interact.mp3 in Resources */,
			);
			runOnlyForDeploymentPostprocessing = 0;
		};
		04CAE9682A32D68100F59461 /* Resources */ = {
			isa = PBXResourcesBuildPhase;
			buildActionMask = 2147483647;
			files = (
			);
			runOnlyForDeploymentPostprocessing = 0;
		};
		04CAE9722A32D68100F59461 /* Resources */ = {
			isa = PBXResourcesBuildPhase;
			buildActionMask = 2147483647;
			files = (
			);
			runOnlyForDeploymentPostprocessing = 0;
		};
/* End PBXResourcesBuildPhase section */

/* Begin PBXSourcesBuildPhase section */
		04CAE94D2A32D68000F59461 /* Sources */ = {
			isa = PBXSourcesBuildPhase;
			buildActionMask = 2147483647;
			files = (
				B71AA0782A4E7BB800C2B4E4 /* SpriteComponent+Render.swift in Sources */,
				53B979B02A433AD8004F71D5 /* MovementComponent.swift in Sources */,
				B18E56262A4C919400C3F9E1 /* GameData.swift in Sources */,
				B71AA0722A4E7B6700C2B4E4 /* ScaleComponent.swift in Sources */,
				B18E56022A4A8DD700C3F9E1 /* ContentView.swift in Sources */,
				044302232A501087005C4102 /* HorizontalYearbookPeelEffectView.swift in Sources */,
				534C8D052A4BFC440033D8D1 /* CorridorScene.swift in Sources */,
				B71AA06E2A4E7B3900C2B4E4 /* InteractionComponent.swift in Sources */,
				B71AA0742A4E7B7D00C2B4E4 /* InteractionComponent+Interact.swift in Sources */,
				B71AA0682A4E7AE400C2B4E4 /* Piece.swift in Sources */,
				B71AA0642A4E7A7B00C2B4E4 /* JigsawScene.swift in Sources */,
				B71AA0802A4E7D0A00C2B4E4 /* JigsawViewController.swift in Sources */,
				B71AA0762A4E7B9800C2B4E4 /* SnappingComponent+Snap.swift in Sources */,
				04EA36A52A4EF33B000AFEB0 /* EmployeeDiaryPeelEffectLoopingView.swift in Sources */,
				B71AA06A2A4E7B0000C2B4E4 /* SpriteComponent.swift in Sources */,
				B71AA07E2A4E7CC400C2B4E4 /* JigsawScene+touch.swift in Sources */,
				53B979BB2A4746AF004F71D5 /* PlaytestScreen.swift in Sources */,
				34B9B2152A45A310001F4A39 /* SoundComponent.swift in Sources */,
				B71AA07A2A4E7BC700C2B4E4 /* CGPoint+math.swift in Sources */,
				B18E56172A4C37D900C3F9E1 /* ShelfScene.swift in Sources */,
				B18E56412A4EED9100C3F9E1 /* GameOverScene.swift in Sources */,
				044302212A501038005C4102 /* YearbookPeelEffectLoopingView.swift in Sources */,
				04CAE95B2A32D68000F59461 /* GameScene.swift in Sources */,
				B119E13A2A472916001C7CEB /* LockScene.swift in Sources */,
				B71AA0702A4E7B5000C2B4E4 /* SnappingComponent.swift in Sources */,
				04CAE95D2A32D68000F59461 /* GameViewController.swift in Sources */,
				04EA36A72A4EF428000AFEB0 /* HorizontalEmployeeDiaryPeelEffectView.swift in Sources */,
				04CAE9552A32D68000F59461 /* AppDelegate.swift in Sources */,
				B185ED1D2A472BF900CA0241 /* Scene1.swift in Sources */,
				534C8CFF2A4BD4A60033D8D1 /* ModernLibraryScene.swift in Sources */,
				34B9B2752A4DD165001F4A39 /* BGMScene.swift in Sources */,
				04EA36AC2A4EF65D000AFEB0 /* DeskDetailScene.swift in Sources */,
				B71AA0662A4E7ABC00C2B4E4 /* Puzzle.swift in Sources */,
				B71AA06C2A4E7B1D00C2B4E4 /* PositionComponent.swift in Sources */,
				34B9B2042A458BA6001F4A39 /* KalimbaScene.swift in Sources */,
				533B760D2A4E775D009015F9 /* InnTotScene.swift in Sources */,
				04EA36A92A4EF47A000AFEB0 /* VerticalYearbookPeelEffectView.swift in Sources */,
			);
			runOnlyForDeploymentPostprocessing = 0;
		};
		04CAE9662A32D68100F59461 /* Sources */ = {
			isa = PBXSourcesBuildPhase;
			buildActionMask = 2147483647;
			files = (
				04CAE96F2A32D68100F59461 /* Mini2Tests.swift in Sources */,
			);
			runOnlyForDeploymentPostprocessing = 0;
		};
		04CAE9702A32D68100F59461 /* Sources */ = {
			isa = PBXSourcesBuildPhase;
			buildActionMask = 2147483647;
			files = (
				04CAE97B2A32D68100F59461 /* Mini2UITestsLaunchTests.swift in Sources */,
				3479E2582A4ECB7600F24D90 /* MovementComponent.swift in Sources */,
				04CAE9792A32D68100F59461 /* Mini2UITests.swift in Sources */,
			);
			runOnlyForDeploymentPostprocessing = 0;
		};
/* End PBXSourcesBuildPhase section */

/* Begin PBXTargetDependency section */
		04CAE96C2A32D68100F59461 /* PBXTargetDependency */ = {
			isa = PBXTargetDependency;
			target = 04CAE9502A32D68000F59461 /* Mini2 */;
			targetProxy = 04CAE96B2A32D68100F59461 /* PBXContainerItemProxy */;
		};
		04CAE9762A32D68100F59461 /* PBXTargetDependency */ = {
			isa = PBXTargetDependency;
			target = 04CAE9502A32D68000F59461 /* Mini2 */;
			targetProxy = 04CAE9752A32D68100F59461 /* PBXContainerItemProxy */;
		};
/* End PBXTargetDependency section */

/* Begin PBXVariantGroup section */
		04CAE95E2A32D68000F59461 /* Main.storyboard */ = {
			isa = PBXVariantGroup;
			children = (
				04CAE95F2A32D68000F59461 /* Base */,
			);
			name = Main.storyboard;
			sourceTree = "<group>";
		};
		04CAE9632A32D68100F59461 /* LaunchScreen.storyboard */ = {
			isa = PBXVariantGroup;
			children = (
				04CAE9642A32D68100F59461 /* Base */,
			);
			name = LaunchScreen.storyboard;
			sourceTree = "<group>";
		};
/* End PBXVariantGroup section */

/* Begin XCBuildConfiguration section */
		04CAE97C2A32D68100F59461 /* Debug */ = {
			isa = XCBuildConfiguration;
			buildSettings = {
				ALWAYS_SEARCH_USER_PATHS = NO;
				CLANG_ANALYZER_NONNULL = YES;
				CLANG_ANALYZER_NUMBER_OBJECT_CONVERSION = YES_AGGRESSIVE;
				CLANG_CXX_LANGUAGE_STANDARD = "gnu++20";
				CLANG_ENABLE_MODULES = YES;
				CLANG_ENABLE_OBJC_ARC = YES;
				CLANG_ENABLE_OBJC_WEAK = YES;
				CLANG_WARN_BLOCK_CAPTURE_AUTORELEASING = YES;
				CLANG_WARN_BOOL_CONVERSION = YES;
				CLANG_WARN_COMMA = YES;
				CLANG_WARN_CONSTANT_CONVERSION = YES;
				CLANG_WARN_DEPRECATED_OBJC_IMPLEMENTATIONS = YES;
				CLANG_WARN_DIRECT_OBJC_ISA_USAGE = YES_ERROR;
				CLANG_WARN_DOCUMENTATION_COMMENTS = YES;
				CLANG_WARN_EMPTY_BODY = YES;
				CLANG_WARN_ENUM_CONVERSION = YES;
				CLANG_WARN_INFINITE_RECURSION = YES;
				CLANG_WARN_INT_CONVERSION = YES;
				CLANG_WARN_NON_LITERAL_NULL_CONVERSION = YES;
				CLANG_WARN_OBJC_IMPLICIT_RETAIN_SELF = YES;
				CLANG_WARN_OBJC_LITERAL_CONVERSION = YES;
				CLANG_WARN_OBJC_ROOT_CLASS = YES_ERROR;
				CLANG_WARN_QUOTED_INCLUDE_IN_FRAMEWORK_HEADER = YES;
				CLANG_WARN_RANGE_LOOP_ANALYSIS = YES;
				CLANG_WARN_STRICT_PROTOTYPES = YES;
				CLANG_WARN_SUSPICIOUS_MOVE = YES;
				CLANG_WARN_UNGUARDED_AVAILABILITY = YES_AGGRESSIVE;
				CLANG_WARN_UNREACHABLE_CODE = YES;
				CLANG_WARN__DUPLICATE_METHOD_MATCH = YES;
				COPY_PHASE_STRIP = NO;
				DEBUG_INFORMATION_FORMAT = dwarf;
				ENABLE_STRICT_OBJC_MSGSEND = YES;
				ENABLE_TESTABILITY = YES;
				GCC_C_LANGUAGE_STANDARD = gnu11;
				GCC_DYNAMIC_NO_PIC = NO;
				GCC_NO_COMMON_BLOCKS = YES;
				GCC_OPTIMIZATION_LEVEL = 0;
				GCC_PREPROCESSOR_DEFINITIONS = (
					"DEBUG=1",
					"$(inherited)",
				);
				GCC_WARN_64_TO_32_BIT_CONVERSION = YES;
				GCC_WARN_ABOUT_RETURN_TYPE = YES_ERROR;
				GCC_WARN_UNDECLARED_SELECTOR = YES;
				GCC_WARN_UNINITIALIZED_AUTOS = YES_AGGRESSIVE;
				GCC_WARN_UNUSED_FUNCTION = YES;
				GCC_WARN_UNUSED_VARIABLE = YES;
				IPHONEOS_DEPLOYMENT_TARGET = 16.0;
				MTL_ENABLE_DEBUG_INFO = INCLUDE_SOURCE;
				MTL_FAST_MATH = YES;
				ONLY_ACTIVE_ARCH = YES;
				SDKROOT = iphoneos;
				SWIFT_ACTIVE_COMPILATION_CONDITIONS = DEBUG;
				SWIFT_OPTIMIZATION_LEVEL = "-Onone";
			};
			name = Debug;
		};
		04CAE97D2A32D68100F59461 /* Release */ = {
			isa = XCBuildConfiguration;
			buildSettings = {
				ALWAYS_SEARCH_USER_PATHS = NO;
				CLANG_ANALYZER_NONNULL = YES;
				CLANG_ANALYZER_NUMBER_OBJECT_CONVERSION = YES_AGGRESSIVE;
				CLANG_CXX_LANGUAGE_STANDARD = "gnu++20";
				CLANG_ENABLE_MODULES = YES;
				CLANG_ENABLE_OBJC_ARC = YES;
				CLANG_ENABLE_OBJC_WEAK = YES;
				CLANG_WARN_BLOCK_CAPTURE_AUTORELEASING = YES;
				CLANG_WARN_BOOL_CONVERSION = YES;
				CLANG_WARN_COMMA = YES;
				CLANG_WARN_CONSTANT_CONVERSION = YES;
				CLANG_WARN_DEPRECATED_OBJC_IMPLEMENTATIONS = YES;
				CLANG_WARN_DIRECT_OBJC_ISA_USAGE = YES_ERROR;
				CLANG_WARN_DOCUMENTATION_COMMENTS = YES;
				CLANG_WARN_EMPTY_BODY = YES;
				CLANG_WARN_ENUM_CONVERSION = YES;
				CLANG_WARN_INFINITE_RECURSION = YES;
				CLANG_WARN_INT_CONVERSION = YES;
				CLANG_WARN_NON_LITERAL_NULL_CONVERSION = YES;
				CLANG_WARN_OBJC_IMPLICIT_RETAIN_SELF = YES;
				CLANG_WARN_OBJC_LITERAL_CONVERSION = YES;
				CLANG_WARN_OBJC_ROOT_CLASS = YES_ERROR;
				CLANG_WARN_QUOTED_INCLUDE_IN_FRAMEWORK_HEADER = YES;
				CLANG_WARN_RANGE_LOOP_ANALYSIS = YES;
				CLANG_WARN_STRICT_PROTOTYPES = YES;
				CLANG_WARN_SUSPICIOUS_MOVE = YES;
				CLANG_WARN_UNGUARDED_AVAILABILITY = YES_AGGRESSIVE;
				CLANG_WARN_UNREACHABLE_CODE = YES;
				CLANG_WARN__DUPLICATE_METHOD_MATCH = YES;
				COPY_PHASE_STRIP = NO;
				DEBUG_INFORMATION_FORMAT = "dwarf-with-dsym";
				ENABLE_NS_ASSERTIONS = NO;
				ENABLE_STRICT_OBJC_MSGSEND = YES;
				GCC_C_LANGUAGE_STANDARD = gnu11;
				GCC_NO_COMMON_BLOCKS = YES;
				GCC_WARN_64_TO_32_BIT_CONVERSION = YES;
				GCC_WARN_ABOUT_RETURN_TYPE = YES_ERROR;
				GCC_WARN_UNDECLARED_SELECTOR = YES;
				GCC_WARN_UNINITIALIZED_AUTOS = YES_AGGRESSIVE;
				GCC_WARN_UNUSED_FUNCTION = YES;
				GCC_WARN_UNUSED_VARIABLE = YES;
				IPHONEOS_DEPLOYMENT_TARGET = 16.0;
				MTL_ENABLE_DEBUG_INFO = NO;
				MTL_FAST_MATH = YES;
				SDKROOT = iphoneos;
				SWIFT_COMPILATION_MODE = wholemodule;
				SWIFT_OPTIMIZATION_LEVEL = "-O";
				VALIDATE_PRODUCT = YES;
			};
			name = Release;
		};
		04CAE97F2A32D68100F59461 /* Debug */ = {
			isa = XCBuildConfiguration;
			buildSettings = {
				ASSETCATALOG_COMPILER_APPICON_NAME = AppIcon;
				ASSETCATALOG_COMPILER_GLOBAL_ACCENT_COLOR_NAME = AccentColor;
				CODE_SIGN_STYLE = Automatic;
				CURRENT_PROJECT_VERSION = 1;
				DEVELOPMENT_TEAM = RV753K5W6M;
				GENERATE_INFOPLIST_FILE = YES;
				INFOPLIST_KEY_UIApplicationSupportsIndirectInputEvents = YES;
				INFOPLIST_KEY_UILaunchStoryboardName = LaunchScreen;
				INFOPLIST_KEY_UIMainStoryboardFile = Main;
				INFOPLIST_KEY_UIRequiresFullScreen = YES;
				INFOPLIST_KEY_UIStatusBarHidden = YES;
				INFOPLIST_KEY_UISupportedInterfaceOrientations_iPad = "UIInterfaceOrientationLandscapeLeft UIInterfaceOrientationLandscapeRight";
				IPHONEOS_DEPLOYMENT_TARGET = 16.2;
				LD_RUNPATH_SEARCH_PATHS = (
					"$(inherited)",
					"@executable_path/Frameworks",
				);
				MARKETING_VERSION = 1.0;
				PRODUCT_BUNDLE_IDENTIFIER = "Nadya-Tyandra.Mini2";
				PRODUCT_NAME = "$(TARGET_NAME)";
				SWIFT_EMIT_LOC_STRINGS = YES;
				SWIFT_VERSION = 5.0;
				TARGETED_DEVICE_FAMILY = "1,2";
			};
			name = Debug;
		};
		04CAE9802A32D68100F59461 /* Release */ = {
			isa = XCBuildConfiguration;
			buildSettings = {
				ASSETCATALOG_COMPILER_APPICON_NAME = AppIcon;
				ASSETCATALOG_COMPILER_GLOBAL_ACCENT_COLOR_NAME = AccentColor;
				CODE_SIGN_STYLE = Automatic;
				CURRENT_PROJECT_VERSION = 1;
				DEVELOPMENT_TEAM = RV753K5W6M;
				GENERATE_INFOPLIST_FILE = YES;
				INFOPLIST_KEY_UIApplicationSupportsIndirectInputEvents = YES;
				INFOPLIST_KEY_UILaunchStoryboardName = LaunchScreen;
				INFOPLIST_KEY_UIMainStoryboardFile = Main;
				INFOPLIST_KEY_UIRequiresFullScreen = YES;
				INFOPLIST_KEY_UIStatusBarHidden = YES;
				INFOPLIST_KEY_UISupportedInterfaceOrientations_iPad = "UIInterfaceOrientationLandscapeLeft UIInterfaceOrientationLandscapeRight";
				IPHONEOS_DEPLOYMENT_TARGET = 16.2;
				LD_RUNPATH_SEARCH_PATHS = (
					"$(inherited)",
					"@executable_path/Frameworks",
				);
				MARKETING_VERSION = 1.0;
				PRODUCT_BUNDLE_IDENTIFIER = "Nadya-Tyandra.Mini2";
				PRODUCT_NAME = "$(TARGET_NAME)";
				SWIFT_EMIT_LOC_STRINGS = YES;
				SWIFT_VERSION = 5.0;
				TARGETED_DEVICE_FAMILY = "1,2";
			};
			name = Release;
		};
		04CAE9822A32D68100F59461 /* Debug */ = {
			isa = XCBuildConfiguration;
			buildSettings = {
				ALWAYS_EMBED_SWIFT_STANDARD_LIBRARIES = YES;
				BUNDLE_LOADER = "$(TEST_HOST)";
				CODE_SIGN_STYLE = Automatic;
				CURRENT_PROJECT_VERSION = 1;
				GENERATE_INFOPLIST_FILE = YES;
				IPHONEOS_DEPLOYMENT_TARGET = 16.4;
				MARKETING_VERSION = 1.0;
				PRODUCT_BUNDLE_IDENTIFIER = "Nadya-Tyandra.Mini2Tests";
				PRODUCT_NAME = "$(TARGET_NAME)";
				SWIFT_EMIT_LOC_STRINGS = NO;
				SWIFT_VERSION = 5.0;
				TARGETED_DEVICE_FAMILY = "1,2";
				TEST_HOST = "$(BUILT_PRODUCTS_DIR)/Mini2.app/$(BUNDLE_EXECUTABLE_FOLDER_PATH)/Mini2";
			};
			name = Debug;
		};
		04CAE9832A32D68100F59461 /* Release */ = {
			isa = XCBuildConfiguration;
			buildSettings = {
				ALWAYS_EMBED_SWIFT_STANDARD_LIBRARIES = YES;
				BUNDLE_LOADER = "$(TEST_HOST)";
				CODE_SIGN_STYLE = Automatic;
				CURRENT_PROJECT_VERSION = 1;
				GENERATE_INFOPLIST_FILE = YES;
				IPHONEOS_DEPLOYMENT_TARGET = 16.4;
				MARKETING_VERSION = 1.0;
				PRODUCT_BUNDLE_IDENTIFIER = "Nadya-Tyandra.Mini2Tests";
				PRODUCT_NAME = "$(TARGET_NAME)";
				SWIFT_EMIT_LOC_STRINGS = NO;
				SWIFT_VERSION = 5.0;
				TARGETED_DEVICE_FAMILY = "1,2";
				TEST_HOST = "$(BUILT_PRODUCTS_DIR)/Mini2.app/$(BUNDLE_EXECUTABLE_FOLDER_PATH)/Mini2";
			};
			name = Release;
		};
		04CAE9852A32D68100F59461 /* Debug */ = {
			isa = XCBuildConfiguration;
			buildSettings = {
				ALWAYS_EMBED_SWIFT_STANDARD_LIBRARIES = YES;
				CODE_SIGN_STYLE = Automatic;
				CURRENT_PROJECT_VERSION = 1;
				GENERATE_INFOPLIST_FILE = YES;
				MARKETING_VERSION = 1.0;
				PRODUCT_BUNDLE_IDENTIFIER = "Nadya-Tyandra.Mini2UITests";
				PRODUCT_NAME = "$(TARGET_NAME)";
				SWIFT_EMIT_LOC_STRINGS = NO;
				SWIFT_VERSION = 5.0;
				TARGETED_DEVICE_FAMILY = "1,2";
				TEST_TARGET_NAME = Mini2;
			};
			name = Debug;
		};
		04CAE9862A32D68100F59461 /* Release */ = {
			isa = XCBuildConfiguration;
			buildSettings = {
				ALWAYS_EMBED_SWIFT_STANDARD_LIBRARIES = YES;
				CODE_SIGN_STYLE = Automatic;
				CURRENT_PROJECT_VERSION = 1;
				GENERATE_INFOPLIST_FILE = YES;
				MARKETING_VERSION = 1.0;
				PRODUCT_BUNDLE_IDENTIFIER = "Nadya-Tyandra.Mini2UITests";
				PRODUCT_NAME = "$(TARGET_NAME)";
				SWIFT_EMIT_LOC_STRINGS = NO;
				SWIFT_VERSION = 5.0;
				TARGETED_DEVICE_FAMILY = "1,2";
				TEST_TARGET_NAME = Mini2;
			};
			name = Release;
		};
/* End XCBuildConfiguration section */

/* Begin XCConfigurationList section */
		04CAE94C2A32D68000F59461 /* Build configuration list for PBXProject "Mini2" */ = {
			isa = XCConfigurationList;
			buildConfigurations = (
				04CAE97C2A32D68100F59461 /* Debug */,
				04CAE97D2A32D68100F59461 /* Release */,
			);
			defaultConfigurationIsVisible = 0;
			defaultConfigurationName = Release;
		};
		04CAE97E2A32D68100F59461 /* Build configuration list for PBXNativeTarget "Mini2" */ = {
			isa = XCConfigurationList;
			buildConfigurations = (
				04CAE97F2A32D68100F59461 /* Debug */,
				04CAE9802A32D68100F59461 /* Release */,
			);
			defaultConfigurationIsVisible = 0;
			defaultConfigurationName = Release;
		};
		04CAE9812A32D68100F59461 /* Build configuration list for PBXNativeTarget "Mini2Tests" */ = {
			isa = XCConfigurationList;
			buildConfigurations = (
				04CAE9822A32D68100F59461 /* Debug */,
				04CAE9832A32D68100F59461 /* Release */,
			);
			defaultConfigurationIsVisible = 0;
			defaultConfigurationName = Release;
		};
		04CAE9842A32D68100F59461 /* Build configuration list for PBXNativeTarget "Mini2UITests" */ = {
			isa = XCConfigurationList;
			buildConfigurations = (
				04CAE9852A32D68100F59461 /* Debug */,
				04CAE9862A32D68100F59461 /* Release */,
			);
			defaultConfigurationIsVisible = 0;
			defaultConfigurationName = Release;
		};
/* End XCConfigurationList section */
	};
	rootObject = 04CAE9492A32D68000F59461 /* Project object */;
}
