// !$*UTF8*$!
{
	archiveVersion = 1;
	classes = {
	};
	objectVersion = 56;
	objects = {

/* Begin PBXBuildFile section */
		04CAE9552A32D68000F59461 /* AppDelegate.swift in Sources */ = {isa = PBXBuildFile; fileRef = 04CAE9542A32D68000F59461 /* AppDelegate.swift */; };
		04CAE9572A32D68000F59461 /* GameScene.sks in Resources */ = {isa = PBXBuildFile; fileRef = 04CAE9562A32D68000F59461 /* GameScene.sks */; };
		04CAE9592A32D68000F59461 /* Actions.sks in Resources */ = {isa = PBXBuildFile; fileRef = 04CAE9582A32D68000F59461 /* Actions.sks */; };
		04CAE95B2A32D68000F59461 /* GameScene.swift in Sources */ = {isa = PBXBuildFile; fileRef = 04CAE95A2A32D68000F59461 /* GameScene.swift */; };
		04CAE95D2A32D68000F59461 /* GameViewController.swift in Sources */ = {isa = PBXBuildFile; fileRef = 04CAE95C2A32D68000F59461 /* GameViewController.swift */; };
		04CAE9602A32D68000F59461 /* Main.storyboard in Resources */ = {isa = PBXBuildFile; fileRef = 04CAE95E2A32D68000F59461 /* Main.storyboard */; };
		04CAE9622A32D68100F59461 /* Assets.xcassets in Resources */ = {isa = PBXBuildFile; fileRef = 04CAE9612A32D68100F59461 /* Assets.xcassets */; };
		04CAE9652A32D68100F59461 /* LaunchScreen.storyboard in Resources */ = {isa = PBXBuildFile; fileRef = 04CAE9632A32D68100F59461 /* LaunchScreen.storyboard */; };
		04CAE96F2A32D68100F59461 /* Mini2Tests.swift in Sources */ = {isa = PBXBuildFile; fileRef = 04CAE96E2A32D68100F59461 /* Mini2Tests.swift */; };
		04CAE9792A32D68100F59461 /* Mini2UITests.swift in Sources */ = {isa = PBXBuildFile; fileRef = 04CAE9782A32D68100F59461 /* Mini2UITests.swift */; };
		04CAE97B2A32D68100F59461 /* Mini2UITestsLaunchTests.swift in Sources */ = {isa = PBXBuildFile; fileRef = 04CAE97A2A32D68100F59461 /* Mini2UITestsLaunchTests.swift */; };
		B17654832A420141001706D4 /* Scene1.sks in Resources */ = {isa = PBXBuildFile; fileRef = B17654822A420141001706D4 /* Scene1.sks */; };
		B17654852A4203EC001706D4 /* Scene1.swift in Sources */ = {isa = PBXBuildFile; fileRef = B17654842A4203EC001706D4 /* Scene1.swift */; };
		B17654872A420A35001706D4 /* sound_note.mp3 in Resources */ = {isa = PBXBuildFile; fileRef = B17654862A420A34001706D4 /* sound_note.mp3 */; };
		B17654892A433CD4001706D4 /* PuzzleLock.sks in Resources */ = {isa = PBXBuildFile; fileRef = B17654882A433CD4001706D4 /* PuzzleLock.sks */; };
		B176548B2A43416B001706D4 /* PuzzleLock.swift in Sources */ = {isa = PBXBuildFile; fileRef = B176548A2A43416B001706D4 /* PuzzleLock.swift */; };
/* End PBXBuildFile section */

/* Begin PBXContainerItemProxy section */
		04CAE96B2A32D68100F59461 /* PBXContainerItemProxy */ = {
			isa = PBXContainerItemProxy;
			containerPortal = 04CAE9492A32D68000F59461 /* Project object */;
			proxyType = 1;
			remoteGlobalIDString = 04CAE9502A32D68000F59461;
			remoteInfo = Mini2;
		};
		04CAE9752A32D68100F59461 /* PBXContainerItemProxy */ = {
			isa = PBXContainerItemProxy;
			containerPortal = 04CAE9492A32D68000F59461 /* Project object */;
			proxyType = 1;
			remoteGlobalIDString = 04CAE9502A32D68000F59461;
			remoteInfo = Mini2;
		};
/* End PBXContainerItemProxy section */

/* Begin PBXFileReference section */
		04CAE9512A32D68000F59461 /* Mini2.app */ = {isa = PBXFileReference; explicitFileType = wrapper.application; includeInIndex = 0; path = Mini2.app; sourceTree = BUILT_PRODUCTS_DIR; };
		04CAE9542A32D68000F59461 /* AppDelegate.swift */ = {isa = PBXFileReference; lastKnownFileType = sourcecode.swift; path = AppDelegate.swift; sourceTree = "<group>"; };
		04CAE9562A32D68000F59461 /* GameScene.sks */ = {isa = PBXFileReference; lastKnownFileType = file.sks; path = GameScene.sks; sourceTree = "<group>"; };
		04CAE9582A32D68000F59461 /* Actions.sks */ = {isa = PBXFileReference; lastKnownFileType = file.sks; path = Actions.sks; sourceTree = "<group>"; };
		04CAE95A2A32D68000F59461 /* GameScene.swift */ = {isa = PBXFileReference; lastKnownFileType = sourcecode.swift; path = GameScene.swift; sourceTree = "<group>"; };
		04CAE95C2A32D68000F59461 /* GameViewController.swift */ = {isa = PBXFileReference; lastKnownFileType = sourcecode.swift; path = GameViewController.swift; sourceTree = "<group>"; };
		04CAE95F2A32D68000F59461 /* Base */ = {isa = PBXFileReference; lastKnownFileType = file.storyboard; name = Base; path = Base.lproj/Main.storyboard; sourceTree = "<group>"; };
		04CAE9612A32D68100F59461 /* Assets.xcassets */ = {isa = PBXFileReference; lastKnownFileType = folder.assetcatalog; path = Assets.xcassets; sourceTree = "<group>"; };
		04CAE9642A32D68100F59461 /* Base */ = {isa = PBXFileReference; lastKnownFileType = file.storyboard; name = Base; path = Base.lproj/LaunchScreen.storyboard; sourceTree = "<group>"; };
		04CAE96A2A32D68100F59461 /* Mini2Tests.xctest */ = {isa = PBXFileReference; explicitFileType = wrapper.cfbundle; includeInIndex = 0; path = Mini2Tests.xctest; sourceTree = BUILT_PRODUCTS_DIR; };
		04CAE96E2A32D68100F59461 /* Mini2Tests.swift */ = {isa = PBXFileReference; lastKnownFileType = sourcecode.swift; path = Mini2Tests.swift; sourceTree = "<group>"; };
		04CAE9742A32D68100F59461 /* Mini2UITests.xctest */ = {isa = PBXFileReference; explicitFileType = wrapper.cfbundle; includeInIndex = 0; path = Mini2UITests.xctest; sourceTree = BUILT_PRODUCTS_DIR; };
		04CAE9782A32D68100F59461 /* Mini2UITests.swift */ = {isa = PBXFileReference; lastKnownFileType = sourcecode.swift; path = Mini2UITests.swift; sourceTree = "<group>"; };
		04CAE97A2A32D68100F59461 /* Mini2UITestsLaunchTests.swift */ = {isa = PBXFileReference; lastKnownFileType = sourcecode.swift; path = Mini2UITestsLaunchTests.swift; sourceTree = "<group>"; };
		B17654822A420141001706D4 /* Scene1.sks */ = {isa = PBXFileReference; lastKnownFileType = file.sks; path = Scene1.sks; sourceTree = "<group>"; };
		B17654842A4203EC001706D4 /* Scene1.swift */ = {isa = PBXFileReference; lastKnownFileType = sourcecode.swift; path = Scene1.swift; sourceTree = "<group>"; };
		B17654862A420A34001706D4 /* sound_note.mp3 */ = {isa = PBXFileReference; lastKnownFileType = audio.mp3; name = sound_note.mp3; path = ../../../Downloads/sound_note.mp3; sourceTree = "<group>"; };
		B17654882A433CD4001706D4 /* PuzzleLock.sks */ = {isa = PBXFileReference; lastKnownFileType = file.sks; path = PuzzleLock.sks; sourceTree = "<group>"; };
		B176548A2A43416B001706D4 /* PuzzleLock.swift */ = {isa = PBXFileReference; lastKnownFileType = sourcecode.swift; path = PuzzleLock.swift; sourceTree = "<group>"; };
/* End PBXFileReference section */

/* Begin PBXFrameworksBuildPhase section */
		04CAE94E2A32D68000F59461 /* Frameworks */ = {
			isa = PBXFrameworksBuildPhase;
			buildActionMask = 2147483647;
			files = (
			);
			runOnlyForDeploymentPostprocessing = 0;
		};
		04CAE9672A32D68100F59461 /* Frameworks */ = {
			isa = PBXFrameworksBuildPhase;
			buildActionMask = 2147483647;
			files = (
			);
			runOnlyForDeploymentPostprocessing = 0;
		};
		04CAE9712A32D68100F59461 /* Frameworks */ = {
			isa = PBXFrameworksBuildPhase;
			buildActionMask = 2147483647;
			files = (
			);
			runOnlyForDeploymentPostprocessing = 0;
		};
/* End PBXFrameworksBuildPhase section */

/* Begin PBXGroup section */
		04CAE9482A32D68000F59461 = {
			isa = PBXGroup;
			children = (
				04CAE9532A32D68000F59461 /* Mini2 */,
				04CAE96D2A32D68100F59461 /* Mini2Tests */,
				04CAE9772A32D68100F59461 /* Mini2UITests */,
				04CAE9522A32D68000F59461 /* Products */,
			);
			sourceTree = "<group>";
		};
		04CAE9522A32D68000F59461 /* Products */ = {
			isa = PBXGroup;
			children = (
				04CAE9512A32D68000F59461 /* Mini2.app */,
				04CAE96A2A32D68100F59461 /* Mini2Tests.xctest */,
				04CAE9742A32D68100F59461 /* Mini2UITests.xctest */,
			);
			name = Products;
			sourceTree = "<group>";
		};
		04CAE9532A32D68000F59461 /* Mini2 */ = {
			isa = PBXGroup;
			children = (
				04CAE9542A32D68000F59461 /* AppDelegate.swift */,
				04CAE9562A32D68000F59461 /* GameScene.sks */,
				04CAE9582A32D68000F59461 /* Actions.sks */,
				B17654822A420141001706D4 /* Scene1.sks */,
				B17654882A433CD4001706D4 /* PuzzleLock.sks */,
				B176548A2A43416B001706D4 /* PuzzleLock.swift */,
				B17654842A4203EC001706D4 /* Scene1.swift */,
				04CAE95A2A32D68000F59461 /* GameScene.swift */,
				04CAE95C2A32D68000F59461 /* GameViewController.swift */,
				04CAE95E2A32D68000F59461 /* Main.storyboard */,
				04CAE9632A32D68100F59461 /* LaunchScreen.storyboard */,
				04CAE9612A32D68100F59461 /* Assets.xcassets */,
				B17654862A420A34001706D4 /* sound_note.mp3 */,
			);
			path = Mini2;
			sourceTree = "<group>";
		};
		04CAE96D2A32D68100F59461 /* Mini2Tests */ = {
			isa = PBXGroup;
			children = (
				04CAE96E2A32D68100F59461 /* Mini2Tests.swift */,
			);
			path = Mini2Tests;
			sourceTree = "<group>";
		};
		04CAE9772A32D68100F59461 /* Mini2UITests */ = {
			isa = PBXGroup;
			children = (
				04CAE9782A32D68100F59461 /* Mini2UITests.swift */,
				04CAE97A2A32D68100F59461 /* Mini2UITestsLaunchTests.swift */,
			);
			path = Mini2UITests;
			sourceTree = "<group>";
		};
/* End PBXGroup section */

/* Begin PBXNativeTarget section */
		04CAE9502A32D68000F59461 /* Mini2 */ = {
			isa = PBXNativeTarget;
			buildConfigurationList = 04CAE97E2A32D68100F59461 /* Build configuration list for PBXNativeTarget "Mini2" */;
			buildPhases = (
				04CAE94D2A32D68000F59461 /* Sources */,
				04CAE94E2A32D68000F59461 /* Frameworks */,
				04CAE94F2A32D68000F59461 /* Resources */,
			);
			buildRules = (
			);
			dependencies = (
			);
			name = Mini2;
			productName = Mini2;
			productReference = 04CAE9512A32D68000F59461 /* Mini2.app */;
			productType = "com.apple.product-type.application";
		};
		04CAE9692A32D68100F59461 /* Mini2Tests */ = {
			isa = PBXNativeTarget;
			buildConfigurationList = 04CAE9812A32D68100F59461 /* Build configuration list for PBXNativeTarget "Mini2Tests" */;
			buildPhases = (
				04CAE9662A32D68100F59461 /* Sources */,
				04CAE9672A32D68100F59461 /* Frameworks */,
				04CAE9682A32D68100F59461 /* Resources */,
			);
			buildRules = (
			);
			dependencies = (
				04CAE96C2A32D68100F59461 /* PBXTargetDependency */,
			);
			name = Mini2Tests;
			productName = Mini2Tests;
			productReference = 04CAE96A2A32D68100F59461 /* Mini2Tests.xctest */;
			productType = "com.apple.product-type.bundle.unit-test";
		};
		04CAE9732A32D68100F59461 /* Mini2UITests */ = {
			isa = PBXNativeTarget;
			buildConfigurationList = 04CAE9842A32D68100F59461 /* Build configuration list for PBXNativeTarget "Mini2UITests" */;
			buildPhases = (
				04CAE9702A32D68100F59461 /* Sources */,
				04CAE9712A32D68100F59461 /* Frameworks */,
				04CAE9722A32D68100F59461 /* Resources */,
			);
			buildRules = (
			);
			dependencies = (
				04CAE9762A32D68100F59461 /* PBXTargetDependency */,
			);
			name = Mini2UITests;
			productName = Mini2UITests;
			productReference = 04CAE9742A32D68100F59461 /* Mini2UITests.xctest */;
			productType = "com.apple.product-type.bundle.ui-testing";
		};
/* End PBXNativeTarget section */

/* Begin PBXProject section */
		04CAE9492A32D68000F59461 /* Project object */ = {
			isa = PBXProject;
			attributes = {
				BuildIndependentTargetsInParallel = 1;
				LastSwiftUpdateCheck = 1430;
				LastUpgradeCheck = 1430;
				TargetAttributes = {
					04CAE9502A32D68000F59461 = {
						CreatedOnToolsVersion = 14.3.1;
					};
					04CAE9692A32D68100F59461 = {
						CreatedOnToolsVersion = 14.3.1;
						TestTargetID = 04CAE9502A32D68000F59461;
					};
					04CAE9732A32D68100F59461 = {
						CreatedOnToolsVersion = 14.3.1;
						TestTargetID = 04CAE9502A32D68000F59461;
					};
				};
			};
			buildConfigurationList = 04CAE94C2A32D68000F59461 /* Build configuration list for PBXProject "Mini2" */;
			compatibilityVersion = "Xcode 14.0";
			developmentRegion = en;
			hasScannedForEncodings = 0;
			knownRegions = (
				en,
				Base,
			);
			mainGroup = 04CAE9482A32D68000F59461;
			productRefGroup = 04CAE9522A32D68000F59461 /* Products */;
			projectDirPath = "";
			projectRoot = "";
			targets = (
				04CAE9502A32D68000F59461 /* Mini2 */,
				04CAE9692A32D68100F59461 /* Mini2Tests */,
				04CAE9732A32D68100F59461 /* Mini2UITests */,
			);
		};
/* End PBXProject section */

/* Begin PBXResourcesBuildPhase section */
		04CAE94F2A32D68000F59461 /* Resources */ = {
			isa = PBXResourcesBuildPhase;
			buildActionMask = 2147483647;
			files = (
				B17654892A433CD4001706D4 /* PuzzleLock.sks in Resources */,
				04CAE9602A32D68000F59461 /* Main.storyboard in Resources */,
				04CAE9572A32D68000F59461 /* GameScene.sks in Resources */,
				04CAE9622A32D68100F59461 /* Assets.xcassets in Resources */,
				B17654872A420A35001706D4 /* sound_note.mp3 in Resources */,
				04CAE9652A32D68100F59461 /* LaunchScreen.storyboard in Resources */,
				B17654832A420141001706D4 /* Scene1.sks in Resources */,
				04CAE9592A32D68000F59461 /* Actions.sks in Resources */,
			);
			runOnlyForDeploymentPostprocessing = 0;
		};
		04CAE9682A32D68100F59461 /* Resources */ = {
			isa = PBXResourcesBuildPhase;
			buildActionMask = 2147483647;
			files = (
			);
			runOnlyForDeploymentPostprocessing = 0;
		};
		04CAE9722A32D68100F59461 /* Resources */ = {
			isa = PBXResourcesBuildPhase;
			buildActionMask = 2147483647;
			files = (
			);
			runOnlyForDeploymentPostprocessing = 0;
		};
/* End PBXResourcesBuildPhase section */

/* Begin PBXSourcesBuildPhase section */
		04CAE94D2A32D68000F59461 /* Sources */ = {
			isa = PBXSourcesBuildPhase;
			buildActionMask = 2147483647;
			files = (
				04CAE95B2A32D68000F59461 /* GameScene.swift in Sources */,
				B176548B2A43416B001706D4 /* PuzzleLock.swift in Sources */,
				04CAE95D2A32D68000F59461 /* GameViewController.swift in Sources */,
				B17654852A4203EC001706D4 /* Scene1.swift in Sources */,
				04CAE9552A32D68000F59461 /* AppDelegate.swift in Sources */,
			);
			runOnlyForDeploymentPostprocessing = 0;
		};
		04CAE9662A32D68100F59461 /* Sources */ = {
			isa = PBXSourcesBuildPhase;
			buildActionMask = 2147483647;
			files = (
				04CAE96F2A32D68100F59461 /* Mini2Tests.swift in Sources */,
			);
			runOnlyForDeploymentPostprocessing = 0;
		};
		04CAE9702A32D68100F59461 /* Sources */ = {
			isa = PBXSourcesBuildPhase;
			buildActionMask = 2147483647;
			files = (
				04CAE97B2A32D68100F59461 /* Mini2UITestsLaunchTests.swift in Sources */,
				04CAE9792A32D68100F59461 /* Mini2UITests.swift in Sources */,
			);
			runOnlyForDeploymentPostprocessing = 0;
		};
/* End PBXSourcesBuildPhase section */

/* Begin PBXTargetDependency section */
		04CAE96C2A32D68100F59461 /* PBXTargetDependency */ = {
			isa = PBXTargetDependency;
			target = 04CAE9502A32D68000F59461 /* Mini2 */;
			targetProxy = 04CAE96B2A32D68100F59461 /* PBXContainerItemProxy */;
		};
		04CAE9762A32D68100F59461 /* PBXTargetDependency */ = {
			isa = PBXTargetDependency;
			target = 04CAE9502A32D68000F59461 /* Mini2 */;
			targetProxy = 04CAE9752A32D68100F59461 /* PBXContainerItemProxy */;
		};
/* End PBXTargetDependency section */

/* Begin PBXVariantGroup section */
		04CAE95E2A32D68000F59461 /* Main.storyboard */ = {
			isa = PBXVariantGroup;
			children = (
				04CAE95F2A32D68000F59461 /* Base */,
			);
			name = Main.storyboard;
			sourceTree = "<group>";
		};
		04CAE9632A32D68100F59461 /* LaunchScreen.storyboard */ = {
			isa = PBXVariantGroup;
			children = (
				04CAE9642A32D68100F59461 /* Base */,
			);
			name = LaunchScreen.storyboard;
			sourceTree = "<group>";
		};
/* End PBXVariantGroup section */

/* Begin XCBuildConfiguration section */
		04CAE97C2A32D68100F59461 /* Debug */ = {
			isa = XCBuildConfiguration;
			buildSettings = {
				ALWAYS_SEARCH_USER_PATHS = NO;
				CLANG_ANALYZER_NONNULL = YES;
				CLANG_ANALYZER_NUMBER_OBJECT_CONVERSION = YES_AGGRESSIVE;
				CLANG_CXX_LANGUAGE_STANDARD = "gnu++20";
				CLANG_ENABLE_MODULES = YES;
				CLANG_ENABLE_OBJC_ARC = YES;
				CLANG_ENABLE_OBJC_WEAK = YES;
				CLANG_WARN_BLOCK_CAPTURE_AUTORELEASING = YES;
				CLANG_WARN_BOOL_CONVERSION = YES;
				CLANG_WARN_COMMA = YES;
				CLANG_WARN_CONSTANT_CONVERSION = YES;
				CLANG_WARN_DEPRECATED_OBJC_IMPLEMENTATIONS = YES;
				CLANG_WARN_DIRECT_OBJC_ISA_USAGE = YES_ERROR;
				CLANG_WARN_DOCUMENTATION_COMMENTS = YES;
				CLANG_WARN_EMPTY_BODY = YES;
				CLANG_WARN_ENUM_CONVERSION = YES;
				CLANG_WARN_INFINITE_RECURSION = YES;
				CLANG_WARN_INT_CONVERSION = YES;
				CLANG_WARN_NON_LITERAL_NULL_CONVERSION = YES;
				CLANG_WARN_OBJC_IMPLICIT_RETAIN_SELF = YES;
				CLANG_WARN_OBJC_LITERAL_CONVERSION = YES;
				CLANG_WARN_OBJC_ROOT_CLASS = YES_ERROR;
				CLANG_WARN_QUOTED_INCLUDE_IN_FRAMEWORK_HEADER = YES;
				CLANG_WARN_RANGE_LOOP_ANALYSIS = YES;
				CLANG_WARN_STRICT_PROTOTYPES = YES;
				CLANG_WARN_SUSPICIOUS_MOVE = YES;
				CLANG_WARN_UNGUARDED_AVAILABILITY = YES_AGGRESSIVE;
				CLANG_WARN_UNREACHABLE_CODE = YES;
				CLANG_WARN__DUPLICATE_METHOD_MATCH = YES;
				COPY_PHASE_STRIP = NO;
				DEBUG_INFORMATION_FORMAT = dwarf;
				ENABLE_STRICT_OBJC_MSGSEND = YES;
				ENABLE_TESTABILITY = YES;
				GCC_C_LANGUAGE_STANDARD = gnu11;
				GCC_DYNAMIC_NO_PIC = NO;
				GCC_NO_COMMON_BLOCKS = YES;
				GCC_OPTIMIZATION_LEVEL = 0;
				GCC_PREPROCESSOR_DEFINITIONS = (
					"DEBUG=1",
					"$(inherited)",
				);
				GCC_WARN_64_TO_32_BIT_CONVERSION = YES;
				GCC_WARN_ABOUT_RETURN_TYPE = YES_ERROR;
				GCC_WARN_UNDECLARED_SELECTOR = YES;
				GCC_WARN_UNINITIALIZED_AUTOS = YES_AGGRESSIVE;
				GCC_WARN_UNUSED_FUNCTION = YES;
				GCC_WARN_UNUSED_VARIABLE = YES;
				IPHONEOS_DEPLOYMENT_TARGET = 16.4;
				MTL_ENABLE_DEBUG_INFO = INCLUDE_SOURCE;
				MTL_FAST_MATH = YES;
				ONLY_ACTIVE_ARCH = YES;
				SDKROOT = iphoneos;
				SWIFT_ACTIVE_COMPILATION_CONDITIONS = DEBUG;
				SWIFT_OPTIMIZATION_LEVEL = "-Onone";
			};
			name = Debug;
		};
		04CAE97D2A32D68100F59461 /* Release */ = {
			isa = XCBuildConfiguration;
			buildSettings = {
				ALWAYS_SEARCH_USER_PATHS = NO;
				CLANG_ANALYZER_NONNULL = YES;
				CLANG_ANALYZER_NUMBER_OBJECT_CONVERSION = YES_AGGRESSIVE;
				CLANG_CXX_LANGUAGE_STANDARD = "gnu++20";
				CLANG_ENABLE_MODULES = YES;
				CLANG_ENABLE_OBJC_ARC = YES;
				CLANG_ENABLE_OBJC_WEAK = YES;
				CLANG_WARN_BLOCK_CAPTURE_AUTORELEASING = YES;
				CLANG_WARN_BOOL_CONVERSION = YES;
				CLANG_WARN_COMMA = YES;
				CLANG_WARN_CONSTANT_CONVERSION = YES;
				CLANG_WARN_DEPRECATED_OBJC_IMPLEMENTATIONS = YES;
				CLANG_WARN_DIRECT_OBJC_ISA_USAGE = YES_ERROR;
				CLANG_WARN_DOCUMENTATION_COMMENTS = YES;
				CLANG_WARN_EMPTY_BODY = YES;
				CLANG_WARN_ENUM_CONVERSION = YES;
				CLANG_WARN_INFINITE_RECURSION = YES;
				CLANG_WARN_INT_CONVERSION = YES;
				CLANG_WARN_NON_LITERAL_NULL_CONVERSION = YES;
				CLANG_WARN_OBJC_IMPLICIT_RETAIN_SELF = YES;
				CLANG_WARN_OBJC_LITERAL_CONVERSION = YES;
				CLANG_WARN_OBJC_ROOT_CLASS = YES_ERROR;
				CLANG_WARN_QUOTED_INCLUDE_IN_FRAMEWORK_HEADER = YES;
				CLANG_WARN_RANGE_LOOP_ANALYSIS = YES;
				CLANG_WARN_STRICT_PROTOTYPES = YES;
				CLANG_WARN_SUSPICIOUS_MOVE = YES;
				CLANG_WARN_UNGUARDED_AVAILABILITY = YES_AGGRESSIVE;
				CLANG_WARN_UNREACHABLE_CODE = YES;
				CLANG_WARN__DUPLICATE_METHOD_MATCH = YES;
				COPY_PHASE_STRIP = NO;
				DEBUG_INFORMATION_FORMAT = "dwarf-with-dsym";
				ENABLE_NS_ASSERTIONS = NO;
				ENABLE_STRICT_OBJC_MSGSEND = YES;
				GCC_C_LANGUAGE_STANDARD = gnu11;
				GCC_NO_COMMON_BLOCKS = YES;
				GCC_WARN_64_TO_32_BIT_CONVERSION = YES;
				GCC_WARN_ABOUT_RETURN_TYPE = YES_ERROR;
				GCC_WARN_UNDECLARED_SELECTOR = YES;
				GCC_WARN_UNINITIALIZED_AUTOS = YES_AGGRESSIVE;
				GCC_WARN_UNUSED_FUNCTION = YES;
				GCC_WARN_UNUSED_VARIABLE = YES;
				IPHONEOS_DEPLOYMENT_TARGET = 16.4;
				MTL_ENABLE_DEBUG_INFO = NO;
				MTL_FAST_MATH = YES;
				SDKROOT = iphoneos;
				SWIFT_COMPILATION_MODE = wholemodule;
				SWIFT_OPTIMIZATION_LEVEL = "-O";
				VALIDATE_PRODUCT = YES;
			};
			name = Release;
		};
		04CAE97F2A32D68100F59461 /* Debug */ = {
			isa = XCBuildConfiguration;
			buildSettings = {
				ASSETCATALOG_COMPILER_APPICON_NAME = AppIcon;
				ASSETCATALOG_COMPILER_GLOBAL_ACCENT_COLOR_NAME = AccentColor;
				CODE_SIGN_STYLE = Automatic;
				CURRENT_PROJECT_VERSION = 1;
				GENERATE_INFOPLIST_FILE = YES;
				INFOPLIST_KEY_UIApplicationSupportsIndirectInputEvents = YES;
				INFOPLIST_KEY_UILaunchStoryboardName = LaunchScreen;
				INFOPLIST_KEY_UIMainStoryboardFile = Main;
				INFOPLIST_KEY_UIStatusBarHidden = YES;
				INFOPLIST_KEY_UISupportedInterfaceOrientations = UIInterfaceOrientationLandscapeLeft;
				LD_RUNPATH_SEARCH_PATHS = (
					"$(inherited)",
					"@executable_path/Frameworks",
				);
				MARKETING_VERSION = 1.0;
				PRODUCT_BUNDLE_IDENTIFIER = "Nadya-Tyandra.Mini2";
				PRODUCT_NAME = "$(TARGET_NAME)";
				SWIFT_EMIT_LOC_STRINGS = YES;
				SWIFT_VERSION = 5.0;
				TARGETED_DEVICE_FAMILY = "1,2";
			};
			name = Debug;
		};
		04CAE9802A32D68100F59461 /* Release */ = {
			isa = XCBuildConfiguration;
			buildSettings = {
				ASSETCATALOG_COMPILER_APPICON_NAME = AppIcon;
				ASSETCATALOG_COMPILER_GLOBAL_ACCENT_COLOR_NAME = AccentColor;
				CODE_SIGN_STYLE = Automatic;
				CURRENT_PROJECT_VERSION = 1;
				GENERATE_INFOPLIST_FILE = YES;
				INFOPLIST_KEY_UIApplicationSupportsIndirectInputEvents = YES;
				INFOPLIST_KEY_UILaunchStoryboardName = LaunchScreen;
				INFOPLIST_KEY_UIMainStoryboardFile = Main;
				INFOPLIST_KEY_UIStatusBarHidden = YES;
				INFOPLIST_KEY_UISupportedInterfaceOrientations = UIInterfaceOrientationLandscapeLeft;
				LD_RUNPATH_SEARCH_PATHS = (
					"$(inherited)",
					"@executable_path/Frameworks",
				);
				MARKETING_VERSION = 1.0;
				PRODUCT_BUNDLE_IDENTIFIER = "Nadya-Tyandra.Mini2";
				PRODUCT_NAME = "$(TARGET_NAME)";
				SWIFT_EMIT_LOC_STRINGS = YES;
				SWIFT_VERSION = 5.0;
				TARGETED_DEVICE_FAMILY = "1,2";
			};
			name = Release;
		};
		04CAE9822A32D68100F59461 /* Debug */ = {
			isa = XCBuildConfiguration;
			buildSettings = {
				ALWAYS_EMBED_SWIFT_STANDARD_LIBRARIES = YES;
				BUNDLE_LOADER = "$(TEST_HOST)";
				CODE_SIGN_STYLE = Automatic;
				CURRENT_PROJECT_VERSION = 1;
				GENERATE_INFOPLIST_FILE = YES;
				IPHONEOS_DEPLOYMENT_TARGET = 16.4;
				MARKETING_VERSION = 1.0;
				PRODUCT_BUNDLE_IDENTIFIER = "Nadya-Tyandra.Mini2Tests";
				PRODUCT_NAME = "$(TARGET_NAME)";
				SWIFT_EMIT_LOC_STRINGS = NO;
				SWIFT_VERSION = 5.0;
				TARGETED_DEVICE_FAMILY = "1,2";
				TEST_HOST = "$(BUILT_PRODUCTS_DIR)/Mini2.app/$(BUNDLE_EXECUTABLE_FOLDER_PATH)/Mini2";
			};
			name = Debug;
		};
		04CAE9832A32D68100F59461 /* Release */ = {
			isa = XCBuildConfiguration;
			buildSettings = {
				ALWAYS_EMBED_SWIFT_STANDARD_LIBRARIES = YES;
				BUNDLE_LOADER = "$(TEST_HOST)";
				CODE_SIGN_STYLE = Automatic;
				CURRENT_PROJECT_VERSION = 1;
				GENERATE_INFOPLIST_FILE = YES;
				IPHONEOS_DEPLOYMENT_TARGET = 16.4;
				MARKETING_VERSION = 1.0;
				PRODUCT_BUNDLE_IDENTIFIER = "Nadya-Tyandra.Mini2Tests";
				PRODUCT_NAME = "$(TARGET_NAME)";
				SWIFT_EMIT_LOC_STRINGS = NO;
				SWIFT_VERSION = 5.0;
				TARGETED_DEVICE_FAMILY = "1,2";
				TEST_HOST = "$(BUILT_PRODUCTS_DIR)/Mini2.app/$(BUNDLE_EXECUTABLE_FOLDER_PATH)/Mini2";
			};
			name = Release;
		};
		04CAE9852A32D68100F59461 /* Debug */ = {
			isa = XCBuildConfiguration;
			buildSettings = {
				ALWAYS_EMBED_SWIFT_STANDARD_LIBRARIES = YES;
				CODE_SIGN_STYLE = Automatic;
				CURRENT_PROJECT_VERSION = 1;
				GENERATE_INFOPLIST_FILE = YES;
				MARKETING_VERSION = 1.0;
				PRODUCT_BUNDLE_IDENTIFIER = "Nadya-Tyandra.Mini2UITests";
				PRODUCT_NAME = "$(TARGET_NAME)";
				SWIFT_EMIT_LOC_STRINGS = NO;
				SWIFT_VERSION = 5.0;
				TARGETED_DEVICE_FAMILY = "1,2";
				TEST_TARGET_NAME = Mini2;
			};
			name = Debug;
		};
		04CAE9862A32D68100F59461 /* Release */ = {
			isa = XCBuildConfiguration;
			buildSettings = {
				ALWAYS_EMBED_SWIFT_STANDARD_LIBRARIES = YES;
				CODE_SIGN_STYLE = Automatic;
				CURRENT_PROJECT_VERSION = 1;
				GENERATE_INFOPLIST_FILE = YES;
				MARKETING_VERSION = 1.0;
				PRODUCT_BUNDLE_IDENTIFIER = "Nadya-Tyandra.Mini2UITests";
				PRODUCT_NAME = "$(TARGET_NAME)";
				SWIFT_EMIT_LOC_STRINGS = NO;
				SWIFT_VERSION = 5.0;
				TARGETED_DEVICE_FAMILY = "1,2";
				TEST_TARGET_NAME = Mini2;
			};
			name = Release;
		};
/* End XCBuildConfiguration section */

/* Begin XCConfigurationList section */
		04CAE94C2A32D68000F59461 /* Build configuration list for PBXProject "Mini2" */ = {
			isa = XCConfigurationList;
			buildConfigurations = (
				04CAE97C2A32D68100F59461 /* Debug */,
				04CAE97D2A32D68100F59461 /* Release */,
			);
			defaultConfigurationIsVisible = 0;
			defaultConfigurationName = Release;
		};
		04CAE97E2A32D68100F59461 /* Build configuration list for PBXNativeTarget "Mini2" */ = {
			isa = XCConfigurationList;
			buildConfigurations = (
				04CAE97F2A32D68100F59461 /* Debug */,
				04CAE9802A32D68100F59461 /* Release */,
			);
			defaultConfigurationIsVisible = 0;
			defaultConfigurationName = Release;
		};
		04CAE9812A32D68100F59461 /* Build configuration list for PBXNativeTarget "Mini2Tests" */ = {
			isa = XCConfigurationList;
			buildConfigurations = (
				04CAE9822A32D68100F59461 /* Debug */,
				04CAE9832A32D68100F59461 /* Release */,
			);
			defaultConfigurationIsVisible = 0;
			defaultConfigurationName = Release;
		};
		04CAE9842A32D68100F59461 /* Build configuration list for PBXNativeTarget "Mini2UITests" */ = {
			isa = XCConfigurationList;
			buildConfigurations = (
				04CAE9852A32D68100F59461 /* Debug */,
				04CAE9862A32D68100F59461 /* Release */,
			);
			defaultConfigurationIsVisible = 0;
			defaultConfigurationName = Release;
		};
/* End XCConfigurationList section */
	};
	rootObject = 04CAE9492A32D68000F59461 /* Project object */;
}
